{
  "name": "@fullstack-one/boot-loader",
  "version": "0.7.13",
  "lockfileVersion": 1,
  "requires": true,
  "dependencies": {
    "@fullstack-one/config": {
      "version": "0.7.13",
      "resolved": "https://registry.npmjs.org/@fullstack-one/config/-/config-0.7.13.tgz",
      "integrity": "sha512-1i0oev4prL6fuv71ufKMBll62c/UU8kNbMg26RkgMZxPTYJAkl0aUlSZGrDwjOvv9XkkMLO4GTNUEGY7a9729A==",
      "requires": {
        "@fullstack-one/di": "^0.7.13",
        "@types/lodash": "^4.14.119",
        "lodash": "^4.17.15"
      }
    },
    "@fullstack-one/di": {
      "version": "0.7.13",
      "resolved": "https://registry.npmjs.org/@fullstack-one/di/-/di-0.7.13.tgz",
      "integrity": "sha512-ergvRagFCc+rS5kE6yMyB5D8B+etLFgoPb9UuFMvKyY2aNhyDzsrCbGmVs/6WldWtg00DSvZQIJ6bfX1BkfKaw==",
      "requires": {
        "reflect-metadata": "^0.1.13",
        "typedi": "^0.8.0"
      }
    },
    "@fullstack-one/logger": {
      "version": "0.7.13",
      "resolved": "https://registry.npmjs.org/@fullstack-one/logger/-/logger-0.7.13.tgz",
      "integrity": "sha512-XyfPl2ZVdsQ5UwimlPGSNzo7Hc9kC232kU6sZaeWFdZ0Re+F3owhR89SSAt41rxL19K1DlnqlIIrlWk7hkmwFw==",
      "requires": {
        "@fullstack-one/config": "^0.7.13",
        "@fullstack-one/di": "^0.7.13",
        "tslog": "^3.2.0"
      }
    },
    "@types/lodash": {
      "version": "4.14.182",
      "resolved": "https://registry.npmjs.org/@types/lodash/-/lodash-4.14.182.tgz",
      "integrity": "sha512-/THyiqyQAP9AfARo4pF+aCGcyiQ94tX/Is2I7HofNRqoYLgN1PBoOWu2/zTA5zMxzP5EFutMtWtGAFRKUe961Q=="
    },
    "buffer-from": {
      "version": "1.1.2",
      "resolved": "https://registry.npmjs.org/buffer-from/-/buffer-from-1.1.2.tgz",
      "integrity": "sha512-E+XQCRwSbaaiChtv6k6Dwgc+bx+Bs6vuKJHHl5kox/BaKbhiXzqQOwK4cO22yElGp2OCmjwVhT3HmxgyPGnJfQ=="
    },
    "lodash": {
      "version": "4.17.21",
      "resolved": "https://registry.npmjs.org/lodash/-/lodash-4.17.21.tgz",
      "integrity": "sha512-v2kDEe57lecTulaDIuNTPy3Ry4gLGJ6Z1O3vE1krgXZNrsQ+LFTGHVxVjcXPs17LhbZVGedAJv8XZ1tvj5FvSg=="
    },
    "reflect-metadata": {
      "version": "0.1.13",
      "resolved": "https://registry.npmjs.org/reflect-metadata/-/reflect-metadata-0.1.13.tgz",
      "integrity": "sha512-Ts1Y/anZELhSsjMcU605fU9RE4Oi3p5ORujwbIKXfWa+0Zxs510Qrmrce5/Jowq3cHSZSJqBjypxmHarc+vEWg=="
    },
    "source-map": {
      "version": "0.6.1",
      "resolved": "https://registry.npmjs.org/source-map/-/source-map-0.6.1.tgz",
      "integrity": "sha512-UjgapumWlbMhkBgzT7Ykc5YXUT46F0iKu8SGXq0bcwP5dz/h0Plj6enJqjz1Zbq2l5WaqYnrVbwWOWMyF3F47g=="
    },
    "source-map-support": {
      "version": "0.5.21",
      "resolved": "https://registry.npmjs.org/source-map-support/-/source-map-support-0.5.21.tgz",
      "integrity": "sha512-uBHU3L3czsIyYXKX88fdrGovxdSCoTGDRZ6SYXtSRxLZUzHg5P/66Ht6uoUlHu9EZod+inXhKo3qQgwXUT/y1w==",
      "requires": {
        "buffer-from": "^1.0.0",
        "source-map": "^0.6.0"
      }
    },
    "tslog": {
      "version": "3.3.3",
      "resolved": "https://registry.npmjs.org/tslog/-/tslog-3.3.3.tgz",
      "integrity": "sha512-lGrkndwpAohZ9ntQpT+xtUw5k9YFV1DjsksiWQlBSf82TTqsSAWBARPRD9juI730r8o3Awpkjp2aXy9k+6vr+g==",
      "requires": {
        "source-map-support": "^0.5.21"
      }
    },
    "typedi": {
      "version": "0.8.0",
      "resolved": "https://registry.npmjs.org/typedi/-/typedi-0.8.0.tgz",
      "integrity": "sha512-/c7Bxnm6eh5kXx2I+mTuO+2OvoWni5+rXA3PhXwVWCtJRYmz3hMok5s1AKLzoDvNAZqj/Q/acGstN0ri5aQoOA=="
    }
  }
}
