{
	"name": "@fullstack-one/boot-loader",
	"version": "0.2.5",
	"lockfileVersion": 1,
	"requires": true,
	"dependencies": {
		"@fullstack-one/di": {
			"version": "0.2.5",
			"resolved": "https://registry.npmjs.org/@fullstack-one/di/-/di-0.2.5.tgz",
			"integrity": "sha512-s3pKEkuLD7FnfDgIB9OeX2+nFYb/i6RK2Lv2XbP/1uFv2t0422T+aLSqPoRrXTDpU2x1T3WwbvrXvQTsM+l96Q==",
			"requires": {
				"typedi": "0.6.1"
			}
		},
		"typedi": {
			"version": "0.6.1",
			"resolved": "https://registry.npmjs.org/typedi/-/typedi-0.6.1.tgz",
			"integrity": "sha512-lm5cRKJcxV/qlVSb3E4YrS1vhkBQGPvZGdlLnHvcbwSmDO6wVqDn+nsCN/boiMQOECvmMa/CYt4rsa1wja/lIg=="
		},
		"typescript": {
			"version": "2.7.2",
			"resolved": "https://registry.npmjs.org/typescript/-/typescript-2.7.2.tgz",
			"integrity": "sha512-p5TCYZDAO0m4G344hD+wx/LATebLWZNkkh2asWUFqSsD2OrDNhbAHuSjobrmsUmdzjJjEeZVU9g1h3O6vpstnw==",
			"dev": true
		}
	}
}
