dependencies:
  '@rushstack/eslint-config': 0.5.7
lockfileVersion: 5.1
packages:
  /@microsoft/tsdoc-config/0.13.4:
    dependencies:
      '@microsoft/tsdoc': 0.12.20
      ajv: 6.10.2
      jju: 1.4.0
      resolve: 1.12.3
    dev: false
    resolution:
      integrity: sha512-B3F3mndJTGUmcHTt8chqjN4EPvxJlkzZIkrZUHwJvKvbr74HEe6mB8Aa6Rlh8jj6mHq7mmtyiUn17+5zr4vbXw==
  /@microsoft/tsdoc/0.12.20:
    dev: false
    resolution:
      integrity: sha512-/b13m37QZYPV6nCOiqkFyvlQjlTNvAcQpgFZ6ZKIqtStJxNdqVo/frULubxMUMWi6p9Uo5f4BRlguv5ViFcL0A==
  /@rushstack/eslint-config/0.5.7:
    dependencies:
      '@rushstack/eslint-plugin': 0.3.2
      '@typescript-eslint/eslint-plugin': 2.3.3_@typescript-eslint+parser@2.3.3
      '@typescript-eslint/experimental-utils': 2.3.3
      '@typescript-eslint/parser': 2.3.3
      '@typescript-eslint/typescript-estree': 2.3.3
      eslint-plugin-promise: 4.2.1
      eslint-plugin-react: 7.16.0
      eslint-plugin-security: 1.4.0
      eslint-plugin-tsdoc: 0.2.5
    dev: false
    peerDependencies:
      eslint: ^5.0.0 || ^6.0.0
      typescript: '>=3.0.0'
    resolution:
      integrity: sha512-a7Ww6pI0T7S4XF+C9SZAkx+pNwljCW4zLgyYOmpyc3ofLZYcVn9ErRCd09b9Hh+U37GlMfpjFdIt2PtVSoX/0g==
  /@rushstack/eslint-plugin/0.3.2:
    dev: false
    peerDependencies:
      eslint: ^5.0.0 || ^6.0.0
    resolution:
      integrity: sha512-Fzg91tfXtft6IdZlE6altWXuglGT29P/6ZfFGj9IVM8FIEAjMrO7MELINF5LssbFG0Xlu7306cBJVRAyzOCPCw==
  /@types/eslint-visitor-keys/1.0.0:
    dev: false
    resolution:
      integrity: sha512-OCutwjDZ4aFS6PB1UZ988C4YgwlBHJd6wCeQqaLdmadZ/7e+w79+hbMUFC1QXDNCmdyoRfAFdm0RypzwR+Qpag==
  /@types/json-schema/7.0.4:
    dev: false
    resolution:
      integrity: sha512-8+KAKzEvSUdeo+kmqnKrqgeE+LcA0tjYWFY7RPProVYwnqDjukzO+3b6dLD56rYX5TdWejnEOLJYOIeh4CXKuA==
  /@typescript-eslint/eslint-plugin/2.3.3_@typescript-eslint+parser@2.3.3:
    dependencies:
      '@typescript-eslint/experimental-utils': 2.3.3
      '@typescript-eslint/parser': 2.3.3
      eslint-utils: 1.4.3
      functional-red-black-tree: 1.0.1
      regexpp: 2.0.1
      tsutils: 3.17.1
    dev: false
    engines:
      node: ^8.10.0 || ^10.13.0 || >=11.10.1
    peerDependencies:
      '@typescript-eslint/parser': ^2.0.0
      eslint: ^5.0.0 || ^6.0.0
    resolution:
      integrity: sha512-12cCbwu5PbQudkq2xCIS/QhB7hCMrsNPXK+vJtqy/zFqtzVkPRGy12O5Yy0gUK086f3VHV/P4a4R4CjMW853pA==
  /@typescript-eslint/experimental-utils/2.3.3:
    dependencies:
      '@types/json-schema': 7.0.4
      '@typescript-eslint/typescript-estree': 2.3.3
      eslint-scope: 5.0.0
    dev: false
    engines:
      node: ^8.10.0 || ^10.13.0 || >=11.10.1
    peerDependencies:
      eslint: '*'
    resolution:
      integrity: sha512-MQ4jKPMTU1ty4TigJCRKFPye2qyQdH8jzIIkceaHgecKFmkNS1hXPqKiZ+mOehkz6+HcN5Nuvwm+frmWZR9tdg==
  /@typescript-eslint/parser/2.3.3:
    dependencies:
      '@types/eslint-visitor-keys': 1.0.0
      '@typescript-eslint/experimental-utils': 2.3.3
      '@typescript-eslint/typescript-estree': 2.3.3
      eslint-visitor-keys: 1.1.0
    dev: false
    engines:
      node: ^8.10.0 || ^10.13.0 || >=11.10.1
    peerDependencies:
      eslint: ^5.0.0 || ^6.0.0
    resolution:
      integrity: sha512-+cV53HuYFeeyrNW8x/rgPmbVrzzp/rpRmwbJnNtwn4K8mroL1BdjxwQh7X9cUHp9rm4BBiEWmD3cSBjKG7d5mw==
  /@typescript-eslint/typescript-estree/2.3.3:
    dependencies:
      glob: 7.1.6
      is-glob: 4.0.1
      lodash.unescape: 4.0.1
      semver: 6.3.0
    dev: false
    engines:
      node: ^8.10.0 || ^10.13.0 || >=11.10.1
    resolution:
      integrity: sha512-GkACs12Xp8d/STunNv/iSMYJFQrkrax9vuPZySlgSzoJJtw1cp6tbEw4qsLskQv6vloLrkFJHcTJ0a/yCB5cIA==
  /ajv/6.10.2:
    dependencies:
      fast-deep-equal: 2.0.1
      fast-json-stable-stringify: 2.1.0
      json-schema-traverse: 0.4.1
      uri-js: 4.2.2
    dev: false
    resolution:
      integrity: sha512-TXtUUEYHuaTEbLZWIKUr5pmBuhDLy+8KYtPYdcV8qC+pOZL+NKqYwvWSRrVXHn+ZmRRAu8vJTAznH7Oag6RVRw==
  /array-includes/3.1.1:
    dependencies:
      define-properties: 1.1.3
      es-abstract: 1.17.5
      is-string: 1.0.5
    dev: false
    engines:
      node: '>= 0.4'
    resolution:
      integrity: sha512-c2VXaCHl7zPsvpkFsw4nxvFie4fh1ur9bpcgsVkIjqn0H/Xwdg+7fv3n2r/isyS8EBj5b06M9kHyZuIr4El6WQ==
  /balanced-match/1.0.0:
    dev: false
    resolution:
      integrity: sha1-ibTRmasr7kneFk6gK4nORi1xt2c=
  /brace-expansion/1.1.11:
    dependencies:
      balanced-match: 1.0.0
      concat-map: 0.0.1
    dev: false
    resolution:
      integrity: sha512-iCuPHDFgrHX7H2vEI/5xpz07zSHB00TpugqhmYtVmMO6518mCuRMoOYFldEBl0g187ufozdaHgWKcYFb61qGiA==
  /concat-map/0.0.1:
    dev: false
    resolution:
      integrity: sha1-2Klr13/Wjfd5OnMDajug1UBdR3s=
  /define-properties/1.1.3:
    dependencies:
      object-keys: 1.1.1
    dev: false
    engines:
      node: '>= 0.4'
    resolution:
      integrity: sha512-3MqfYKj2lLzdMSf8ZIZE/V+Zuy+BgD6f164e8K2w7dgnpKArBDerGYpM46IYYcjnkdPNMjPk9A6VFB8+3SKlXQ==
  /doctrine/2.1.0:
    dependencies:
      esutils: 2.0.3
    dev: false
    engines:
      node: '>=0.10.0'
    resolution:
      integrity: sha512-35mSku4ZXK0vfCuHEDAwt55dg2jNajHZ1odvF+8SSr82EsZY4QmXfuWso8oEd8zRhVObSN18aM0CjSdoBX7zIw==
  /es-abstract/1.17.5:
    dependencies:
      es-to-primitive: 1.2.1
      function-bind: 1.1.1
      has: 1.0.3
      has-symbols: 1.0.1
      is-callable: 1.1.5
      is-regex: 1.0.5
      object-inspect: 1.7.0
      object-keys: 1.1.1
      object.assign: 4.1.0
      string.prototype.trimleft: 2.1.2
      string.prototype.trimright: 2.1.2
    dev: false
    engines:
      node: '>= 0.4'
    resolution:
      integrity: sha512-BR9auzDbySxOcfog0tLECW8l28eRGpDpU3Dm3Hp4q/N+VtLTmyj4EUN088XZWQDW/hzj6sYRDXeOFsaAODKvpg==
  /es-to-primitive/1.2.1:
    dependencies:
      is-callable: 1.1.5
      is-date-object: 1.0.2
      is-symbol: 1.0.3
    dev: false
    engines:
      node: '>= 0.4'
    resolution:
      integrity: sha512-QCOllgZJtaUo9miYBcLChTUaHNjJF3PYs1VidD7AwiEj1kYxKeQTctLAezAOH5ZKRH0g2IgPn6KwB4IT8iRpvA==
  /eslint-plugin-promise/4.2.1:
    dev: false
    engines:
      node: '>=6'
    resolution:
      integrity: sha512-VoM09vT7bfA7D+upt+FjeBO5eHIJQBUWki1aPvB+vbNiHS3+oGIJGIeyBtKQTME6UPXXy3vV07OL1tHd3ANuDw==
  /eslint-plugin-react/7.16.0:
    dependencies:
      array-includes: 3.1.1
      doctrine: 2.1.0
      has: 1.0.3
      jsx-ast-utils: 2.3.0
      object.entries: 1.1.2
      object.fromentries: 2.0.2
      object.values: 1.1.1
      prop-types: 15.7.2
      resolve: 1.17.0
    dev: false
    engines:
      node: '>=4'
    peerDependencies:
      eslint: ^3.0.0 || ^4.0.0 || ^5.0.0 || ^6.0.0
    resolution:
      integrity: sha512-GacBAATewhhptbK3/vTP09CbFrgUJmBSaaRcWdbQLFvUZy9yVcQxigBNHGPU/KE2AyHpzj3AWXpxoMTsIDiHug==
  /eslint-plugin-security/1.4.0:
    dependencies:
      safe-regex: 1.1.0
    dev: false
    resolution:
      integrity: sha512-xlS7P2PLMXeqfhyf3NpqbvbnW04kN8M9NtmhpR3XGyOvt/vNKS7XPXT5EDbwKW9vCjWH4PpfQvgD/+JgN0VJKA==
  /eslint-plugin-tsdoc/0.2.5:
    dependencies:
      '@microsoft/tsdoc': 0.12.20
      '@microsoft/tsdoc-config': 0.13.4
    dev: false
    resolution:
      integrity: sha512-KXquQlf/3u2U7A3LebYdcmAMtMxmUW3HN4JtOluq+iRuRPbBNVeUlg4SOXrnqSuQCOpSITHlPhP418IwjExA+w==
  /eslint-scope/5.0.0:
    dependencies:
      esrecurse: 4.2.1
      estraverse: 4.3.0
    dev: false
    engines:
      node: '>=8.0.0'
    resolution:
      integrity: sha512-oYrhJW7S0bxAFDvWqzvMPRm6pcgcnWc4QnofCAqRTRfQC0JcwenzGglTtsLyIuuWFfkqDG9vz67cnttSd53djw==
  /eslint-utils/1.4.3:
    dependencies:
      eslint-visitor-keys: 1.1.0
    dev: false
    engines:
      node: '>=6'
    resolution:
      integrity: sha512-fbBN5W2xdY45KulGXmLHZ3c3FHfVYmKg0IrAKGOkT/464PQsx2UeIzfz1RmEci+KLm1bBaAzZAh8+/E+XAeZ8Q==
  /eslint-visitor-keys/1.1.0:
    dev: false
    engines:
      node: '>=4'
    resolution:
      integrity: sha512-8y9YjtM1JBJU/A9Kc+SbaOV4y29sSWckBwMHa+FGtVj5gN/sbnKDf6xJUl+8g7FAij9LVaP8C24DUiH/f/2Z9A==
  /esrecurse/4.2.1:
    dependencies:
      estraverse: 4.3.0
    dev: false
    engines:
      node: '>=4.0'
    resolution:
      integrity: sha512-64RBB++fIOAXPw3P9cy89qfMlvZEXZkqqJkjqqXIvzP5ezRZjW+lPWjw35UX/3EhUPFYbg5ER4JYgDw4007/DQ==
  /estraverse/4.3.0:
    dev: false
    engines:
      node: '>=4.0'
    resolution:
      integrity: sha512-39nnKffWz8xN1BU/2c79n9nB9HDzo0niYUqx6xyqUnyoAnQyyWpOTdZEeiCch8BBu515t4wp9ZmgVfVhn9EBpw==
  /esutils/2.0.3:
    dev: false
    engines:
      node: '>=0.10.0'
    resolution:
      integrity: sha512-kVscqXk4OCp68SZ0dkgEKVi6/8ij300KBWTJq32P/dYeWTSwK41WyTxalN1eRmA5Z9UU/LX9D7FWSmV9SAYx6g==
  /fast-deep-equal/2.0.1:
    dev: false
    resolution:
      integrity: sha1-ewUhjd+WZ79/Nwv3/bLLFf3Qqkk=
  /fast-json-stable-stringify/2.1.0:
    dev: false
    resolution:
      integrity: sha512-lhd/wF+Lk98HZoTCtlVraHtfh5XYijIjalXck7saUtuanSDyLMxnHhSXEDJqHxD7msR8D0uCmqlkwjCV8xvwHw==
  /fs.realpath/1.0.0:
    dev: false
    resolution:
      integrity: sha1-FQStJSMVjKpA20onh8sBQRmU6k8=
  /function-bind/1.1.1:
    dev: false
    resolution:
      integrity: sha512-yIovAzMX49sF8Yl58fSCWJ5svSLuaibPxXQJFLmBObTuCr0Mf1KiPopGM9NiFjiYBCbfaa2Fh6breQ6ANVTI0A==
  /functional-red-black-tree/1.0.1:
    dev: false
    resolution:
      integrity: sha1-GwqzvVU7Kg1jmdKcDj6gslIHgyc=
  /glob/7.1.6:
    dependencies:
      fs.realpath: 1.0.0
      inflight: 1.0.6
      inherits: 2.0.4
      minimatch: 3.0.4
      once: 1.4.0
      path-is-absolute: 1.0.1
    dev: false
    resolution:
      integrity: sha512-LwaxwyZ72Lk7vZINtNNrywX0ZuLyStrdDtabefZKAY5ZGJhVtgdznluResxNmPitE0SAO+O26sWTHeKSI2wMBA==
  /has-symbols/1.0.1:
    dev: false
    engines:
      node: '>= 0.4'
    resolution:
      integrity: sha512-PLcsoqu++dmEIZB+6totNFKq/7Do+Z0u4oT0zKOJNl3lYK6vGwwu2hjHs+68OEZbTjiUE9bgOABXbP/GvrS0Kg==
  /has/1.0.3:
    dependencies:
      function-bind: 1.1.1
    dev: false
    engines:
      node: '>= 0.4.0'
    resolution:
      integrity: sha512-f2dvO0VU6Oej7RkWJGrehjbzMAjFp5/VKPp5tTpWIV4JHHZK1/BxbFRtf/siA2SWTe09caDmVtYYzWEIbBS4zw==
  /inflight/1.0.6:
    dependencies:
      once: 1.4.0
      wrappy: 1.0.2
    dev: false
    resolution:
      integrity: sha1-Sb1jMdfQLQwJvJEKEHW6gWW1bfk=
  /inherits/2.0.4:
    dev: false
    resolution:
      integrity: sha512-k/vGaX4/Yla3WzyMCvTQOXYeIHvqOKtnqBduzTHpzpQZzAskKMhZ2K+EnBiSM9zGSoIFeMpXKxa4dYeZIQqewQ==
  /is-callable/1.1.5:
    dev: false
    engines:
      node: '>= 0.4'
    resolution:
      integrity: sha512-ESKv5sMCJB2jnHTWZ3O5itG+O128Hsus4K4Qh1h2/cgn2vbgnLSVqfV46AeJA9D5EeeLa9w81KUXMtn34zhX+Q==
  /is-date-object/1.0.2:
    dev: false
    engines:
      node: '>= 0.4'
    resolution:
      integrity: sha512-USlDT524woQ08aoZFzh3/Z6ch9Y/EWXEHQ/AaRN0SkKq4t2Jw2R2339tSXmwuVoY7LLlBCbOIlx2myP/L5zk0g==
  /is-extglob/2.1.1:
    dev: false
    engines:
      node: '>=0.10.0'
    resolution:
      integrity: sha1-qIwCU1eR8C7TfHahueqXc8gz+MI=
  /is-glob/4.0.1:
    dependencies:
      is-extglob: 2.1.1
    dev: false
    engines:
      node: '>=0.10.0'
    resolution:
      integrity: sha512-5G0tKtBTFImOqDnLB2hG6Bp2qcKEFduo4tZu9MT/H6NQv/ghhy30o55ufafxJ/LdH79LLs2Kfrn85TLKyA7BUg==
  /is-regex/1.0.5:
    dependencies:
      has: 1.0.3
    dev: false
    engines:
      node: '>= 0.4'
    resolution:
      integrity: sha512-vlKW17SNq44owv5AQR3Cq0bQPEb8+kF3UKZ2fiZNOWtztYE5i0CzCZxFDwO58qAOWtxdBRVO/V5Qin1wjCqFYQ==
  /is-string/1.0.5:
    dev: false
    engines:
      node: '>= 0.4'
    resolution:
      integrity: sha512-buY6VNRjhQMiF1qWDouloZlQbRhDPCebwxSjxMjxgemYT46YMd2NR0/H+fBhEfWX4A/w9TBJ+ol+okqJKFE6vQ==
  /is-symbol/1.0.3:
    dependencies:
      has-symbols: 1.0.1
    dev: false
    engines:
      node: '>= 0.4'
    resolution:
      integrity: sha512-OwijhaRSgqvhm/0ZdAcXNZt9lYdKFpcRDT5ULUuYXPoT794UNOdU+gpT6Rzo7b4V2HUl/op6GqY894AZwv9faQ==
  /jju/1.4.0:
    dev: false
    resolution:
      integrity: sha1-o6vicYryQaKykE+EpiWXDzia4yo=
  /js-tokens/4.0.0:
    dev: false
    resolution:
      integrity: sha512-RdJUflcE3cUzKiMqQgsCu06FPu9UdIJO0beYbPhHN4k6apgJtifcoCtT9bcxOpYBtpD2kCM6Sbzg4CausW/PKQ==
  /json-schema-traverse/0.4.1:
    dev: false
    resolution:
      integrity: sha512-xbbCH5dCYU5T8LcEhhuh7HJ88HXuW3qsI3Y0zOZFKfZEHcpWiHU/Jxzk629Brsab/mMiHQti9wMP+845RPe3Vg==
  /jsx-ast-utils/2.3.0:
    dependencies:
      array-includes: 3.1.1
      object.assign: 4.1.0
    dev: false
    engines:
      node: '>=4.0'
    resolution:
      integrity: sha512-3HNoc7nZ1hpZIKB3hJ7BlFRkzCx2BynRtfSwbkqZdpRdvAPsGMnzclPwrvDBS7/lalHTj21NwIeaEpysHBOudg==
  /lodash.unescape/4.0.1:
    dev: false
    resolution:
      integrity: sha1-vyJJiGzlFM2hEvrpIYzcBlIR/Jw=
  /loose-envify/1.4.0:
    dependencies:
      js-tokens: 4.0.0
    dev: false
    hasBin: true
    resolution:
      integrity: sha512-lyuxPGr/Wfhrlem2CL/UcnUc1zcqKAImBDzukY7Y5F/yQiNdko6+fRLevlw1HgMySw7f611UIY408EtxRSoK3Q==
  /minimatch/3.0.4:
    dependencies:
      brace-expansion: 1.1.11
    dev: false
    resolution:
      integrity: sha512-yJHVQEhyqPLUTgt9B83PXu6W3rx4MvvHvSUvToogpwoGDOUQ+yDrR0HRot+yOCdCO7u4hX3pWft6kWBBcqh0UA==
  /object-assign/4.1.1:
    dev: false
    engines:
      node: '>=0.10.0'
    resolution:
      integrity: sha1-IQmtx5ZYh8/AXLvUQsrIv7s2CGM=
  /object-inspect/1.7.0:
    dev: false
    resolution:
      integrity: sha512-a7pEHdh1xKIAgTySUGgLMx/xwDZskN1Ud6egYYN3EdRW4ZMPNEDUTF+hwy2LUC+Bl+SyLXANnwz/jyh/qutKUw==
  /object-keys/1.1.1:
    dev: false
    engines:
      node: '>= 0.4'
    resolution:
      integrity: sha512-NuAESUOUMrlIXOfHKzD6bpPu3tYt3xvjNdRIQ+FeT0lNb4K8WR70CaDxhuNguS2XG+GjkyMwOzsN5ZktImfhLA==
  /object.assign/4.1.0:
    dependencies:
      define-properties: 1.1.3
      function-bind: 1.1.1
      has-symbols: 1.0.1
      object-keys: 1.1.1
    dev: false
    engines:
      node: '>= 0.4'
    resolution:
      integrity: sha512-exHJeq6kBKj58mqGyTQ9DFvrZC/eR6OwxzoM9YRoGBqrXYonaFyGiFMuc9VZrXf7DarreEwMpurG3dd+CNyW5w==
  /object.entries/1.1.2:
    dependencies:
      define-properties: 1.1.3
      es-abstract: 1.17.5
      has: 1.0.3
    dev: false
    engines:
      node: '>= 0.4'
    resolution:
      integrity: sha512-BQdB9qKmb/HyNdMNWVr7O3+z5MUIx3aiegEIJqjMBbBf0YT9RRxTJSim4mzFqtyr7PDAHigq0N9dO0m0tRakQA==
  /object.fromentries/2.0.2:
    dependencies:
      define-properties: 1.1.3
      es-abstract: 1.17.5
      function-bind: 1.1.1
      has: 1.0.3
    dev: false
    engines:
      node: '>= 0.4'
    resolution:
      integrity: sha512-r3ZiBH7MQppDJVLx6fhD618GKNG40CZYH9wgwdhKxBDDbQgjeWGGd4AtkZad84d291YxvWe7bJGuE65Anh0dxQ==
  /object.values/1.1.1:
    dependencies:
      define-properties: 1.1.3
      es-abstract: 1.17.5
      function-bind: 1.1.1
      has: 1.0.3
    dev: false
    engines:
      node: '>= 0.4'
    resolution:
      integrity: sha512-WTa54g2K8iu0kmS/us18jEmdv1a4Wi//BZ/DTVYEcH0XhLM5NYdpDHja3gt57VrZLcNAO2WGA+KpWsDBaHt6eA==
  /once/1.4.0:
    dependencies:
      wrappy: 1.0.2
    dev: false
    resolution:
      integrity: sha1-WDsap3WWHUsROsF9nFC6753Xa9E=
  /path-is-absolute/1.0.1:
    dev: false
    engines:
      node: '>=0.10.0'
    resolution:
      integrity: sha1-F0uSaHNVNP+8es5r9TpanhtcX18=
  /path-parse/1.0.6:
    dev: false
    resolution:
      integrity: sha512-GSmOT2EbHrINBf9SR7CDELwlJ8AENk3Qn7OikK4nFYAu3Ote2+JYNVvkpAEQm3/TLNEJFD/xZJjzyxg3KBWOzw==
  /prop-types/15.7.2:
    dependencies:
      loose-envify: 1.4.0
      object-assign: 4.1.1
      react-is: 16.13.1
    dev: false
    resolution:
      integrity: sha512-8QQikdH7//R2vurIJSutZ1smHYTcLpRWEOlHnzcWHmBYrOGUysKwSsrC89BCiFj3CbrfJ/nXFdJepOVrY1GCHQ==
  /punycode/2.1.1:
    dev: false
    engines:
      node: '>=6'
    resolution:
      integrity: sha512-XRsRjdf+j5ml+y/6GKHPZbrF/8p2Yga0JPtdqTIY2Xe5ohJPD9saDJJLPvp9+NSBprVvevdXZybnj2cv8OEd0A==
  /react-is/16.13.1:
    dev: false
    resolution:
      integrity: sha512-24e6ynE2H+OKt4kqsOvNd8kBpV65zoxbA4BVsEOB3ARVWQki/DHzaUoC5KuON/BiccDaCCTZBuOcfZs70kR8bQ==
  /regexpp/2.0.1:
    dev: false
    engines:
      node: '>=6.5.0'
    resolution:
      integrity: sha512-lv0M6+TkDVniA3aD1Eg0DVpfU/booSu7Eev3TDO/mZKHBfVjgCGTV4t4buppESEYDtkArYFOxTJWv6S5C+iaNw==
  /resolve/1.12.3:
    dependencies:
      path-parse: 1.0.6
    dev: false
    resolution:
      integrity: sha512-hF6+hAPlxjqHWrw4p1rF3Wztbgxd4AjA5VlUzY5zcTb4J8D3JK4/1RjU48pHz2PJWzGVsLB1VWZkvJzhK2CCOA==
  /resolve/1.17.0:
    dependencies:
      path-parse: 1.0.6
    dev: false
    resolution:
      integrity: sha512-ic+7JYiV8Vi2yzQGFWOkiZD5Z9z7O2Zhm9XMaTxdJExKasieFCr+yXZ/WmXsckHiKl12ar0y6XiXDx3m4RHn1w==
  /ret/0.1.15:
    dev: false
    engines:
      node: '>=0.12'
    resolution:
      integrity: sha512-TTlYpa+OL+vMMNG24xSlQGEJ3B/RzEfUlLct7b5G/ytav+wPrplCpVMFuwzXbkecJrb6IYo1iFb0S9v37754mg==
  /safe-regex/1.1.0:
    dependencies:
      ret: 0.1.15
    dev: false
    resolution:
      integrity: sha1-QKNmnzsHfR6UPURinhV91IAjvy4=
  /semver/6.3.0:
    dev: false
    hasBin: true
    resolution:
      integrity: sha512-b39TBaTSfV6yBrapU89p5fKekE2m/NwnDocOVruQFS1/veMgdzuPcnOM34M6CwxW8jH/lxEa5rBoDeUwu5HHTw==
  /string.prototype.trimend/1.0.1:
    dependencies:
      define-properties: 1.1.3
      es-abstract: 1.17.5
    dev: false
    resolution:
      integrity: sha512-LRPxFUaTtpqYsTeNKaFOw3R4bxIzWOnbQ837QfBylo8jIxtcbK/A/sMV7Q+OAV/vWo+7s25pOE10KYSjaSO06g==
  /string.prototype.trimleft/2.1.2:
    dependencies:
      define-properties: 1.1.3
      es-abstract: 1.17.5
      string.prototype.trimstart: 1.0.1
    dev: false
    engines:
      node: '>= 0.4'
    resolution:
      integrity: sha512-gCA0tza1JBvqr3bfAIFJGqfdRTyPae82+KTnm3coDXkZN9wnuW3HjGgN386D7hfv5CHQYCI022/rJPVlqXyHSw==
  /string.prototype.trimright/2.1.2:
    dependencies:
      define-properties: 1.1.3
      es-abstract: 1.17.5
      string.prototype.trimend: 1.0.1
    dev: false
    engines:
      node: '>= 0.4'
    resolution:
      integrity: sha512-ZNRQ7sY3KroTaYjRS6EbNiiHrOkjihL9aQE/8gfQ4DtAC/aEBRHFJa44OmoWxGGqXuJlfKkZW4WcXErGr+9ZFg==
  /string.prototype.trimstart/1.0.1:
    dependencies:
      define-properties: 1.1.3
      es-abstract: 1.17.5
    dev: false
    resolution:
      integrity: sha512-XxZn+QpvrBI1FOcg6dIpxUPgWCPuNXvMD72aaRaUQv1eD4e/Qy8i/hFTe0BUmD60p/QA6bh1avmuPTfNjqVWRw==
  /tslib/1.13.0:
    dev: false
    resolution:
      integrity: sha512-i/6DQjL8Xf3be4K/E6Wgpekn5Qasl1usyw++dAA35Ue5orEn65VIxOA+YvNNl9HV3qv70T7CNwjODHZrLwvd1Q==
  /tsutils/3.17.1:
    dependencies:
      tslib: 1.13.0
    dev: false
    engines:
      node: '>= 6'
    peerDependencies:
      typescript: '>=2.8.0 || >= 3.2.0-dev || >= 3.3.0-dev || >= 3.4.0-dev || >= 3.5.0-dev || >= 3.6.0-dev || >= 3.6.0-beta || >= 3.7.0-dev || >= 3.7.0-beta'
    resolution:
      integrity: sha512-kzeQ5B8H3w60nFY2g8cJIuH7JDpsALXySGtwGJ0p2LSjLgay3NdIpqq5SoOBe46bKDW2iq25irHCr8wjomUS2g==
  /uri-js/4.2.2:
    dependencies:
      punycode: 2.1.1
    dev: false
    resolution:
      integrity: sha512-KY9Frmirql91X2Qgjry0Wd4Y+YTdrdZheS8TFwvkbLWf/G5KNJDCh6pKL5OZctEW4+0Baa5idK2ZQuELRwPznQ==
  /wrappy/1.0.2:
    dev: false
    resolution:
      integrity: sha1-tSQ9jz7BqjXxNkYFvA0QNuMKtp8=
specifiers:
  '@rushstack/eslint-config': ^0.5.7
