{
	"name": "fullstack-one",
	"version": "0.2.3",
	"lockfileVersion": 1,
	"requires": true,
	"dependencies": {
		"@fullstack-one/boot-loader": {
			"version": "0.2.3",
			"resolved": "https://registry.npmjs.org/@fullstack-one/boot-loader/-/boot-loader-0.2.3.tgz",
			"integrity": "sha512-mOlWU5YneAZmHuNLa//naxcU7cvLODHKEZz3I1trmD21dGppioWDZ5HXP6Fegh2xCP4k0FGnO6JX1JcEX6BoqQ==",
			"requires": {
				"@fullstack-one/di": "0.2.3"
			}
		},
		"@fullstack-one/config": {
			"version": "0.2.3",
			"resolved": "https://registry.npmjs.org/@fullstack-one/config/-/config-0.2.3.tgz",
			"integrity": "sha512-A4NDmKGD44tGWj1nPKDCLBTun5CJwNqKlHUWK5Rw2u9tHjwD7dXGSxebjzGRYAg9RocN21+b3CETKNZcxVIu8A==",
			"requires": {
				"@fullstack-one/di": "0.2.3",
				"lodash": "4.17.5"
			}
		},
		"@fullstack-one/di": {
			"version": "0.2.3",
			"resolved": "https://registry.npmjs.org/@fullstack-one/di/-/di-0.2.3.tgz",
			"integrity": "sha512-vKsOaoNQcNU3OKic6MXU07LhjBuy4Z9hYpNUFQa0z5O0Lb7rbAsnQyXV/SEVHlgig9dzGtGFed3GK3N0GvILDQ==",
			"requires": {
				"typedi": "0.6.1"
			}
		},
		"@types/dotenv": {
			"version": "4.0.2",
			"resolved": "https://registry.npmjs.org/@types/dotenv/-/dotenv-4.0.2.tgz",
			"integrity": "sha512-09zBCDj0mcjBg+U56ldpA95d4zuZxQahtOp+UYiRTYuF7QO7hZwFepg7VtfjjxzBhrONoQ8fTUCYSgqDNZQJ9Q==",
			"dev": true,
			"requires": {
				"@types/node": "9.4.7"
			}
		},
		"@types/node": {
			"version": "9.4.7",
			"resolved": "https://registry.npmjs.org/@types/node/-/node-9.4.7.tgz",
			"integrity": "sha512-4Ba90mWNx8ddbafuyGGwjkZMigi+AWfYLSDCpovwsE63ia8w93r3oJ8PIAQc3y8U+XHcnMOHPIzNe3o438Ywcw==",
			"dev": true
		},
		"dotenv": {
			"version": "5.0.1",
			"resolved": "https://registry.npmjs.org/dotenv/-/dotenv-5.0.1.tgz",
			"integrity": "sha512-4As8uPrjfwb7VXC+WnLCbXK7y+Ueb2B3zgNCePYfhxS1PYeaO1YTeplffTEcbfLhvFNGLAz90VvJs9yomG7bow=="
		},
		"dotenv-safe": {
			"version": "5.0.1",
			"resolved": "https://registry.npmjs.org/dotenv-safe/-/dotenv-safe-5.0.1.tgz",
			"integrity": "sha512-NiS92uLQHKThcQIB4pNEQHLaosz+O1VaJ1yuBaZNj0BASGpQliSzfPKgaoFs/WvE+p8pS9STXOMW30b5uxBZog==",
			"requires": {
				"dotenv": "5.0.1"
			}
		},
		"lodash": {
			"version": "4.17.5",
			"resolved": "https://registry.npmjs.org/lodash/-/lodash-4.17.5.tgz",
			"integrity": "sha512-svL3uiZf1RwhH+cWrfZn3A4+U58wbP0tGVTLQPbjplZxZ8ROD9VLuNgsRniTlLe7OlSqR79RUehXgpBW/s0IQw=="
		},
		"typedi": {
			"version": "0.6.1",
			"resolved": "https://registry.npmjs.org/typedi/-/typedi-0.6.1.tgz",
			"integrity": "sha512-lm5cRKJcxV/qlVSb3E4YrS1vhkBQGPvZGdlLnHvcbwSmDO6wVqDn+nsCN/boiMQOECvmMa/CYt4rsa1wja/lIg=="
		},
		"typescript": {
			"version": "2.7.2",
			"resolved": "https://registry.npmjs.org/typescript/-/typescript-2.7.2.tgz",
			"integrity": "sha512-p5TCYZDAO0m4G344hD+wx/LATebLWZNkkh2asWUFqSsD2OrDNhbAHuSjobrmsUmdzjJjEeZVU9g1h3O6vpstnw==",
			"dev": true
		}
	}
}
