{
  "requires": true,
  "lockfileVersion": 1,
  "dependencies": {
    "reflect-metadata": {
      "version": "0.1.13",
      "resolved": "https://registry.npmjs.org/reflect-metadata/-/reflect-metadata-0.1.13.tgz",
      "integrity": "sha512-Ts1Y/anZELhSsjMcU605fU9RE4Oi3p5ORujwbIKXfWa+0Zxs510Qrmrce5/Jowq3cHSZSJqBjypxmHarc+vEWg=="
    },
    "typedi": {
      "version": "0.8.0",
      "resolved": "https://registry.npmjs.org/typedi/-/typedi-0.8.0.tgz",
      "integrity": "sha512-/c7Bxnm6eh5kXx2I+mTuO+2OvoWni5+rXA3PhXwVWCtJRYmz3hMok5s1AKLzoDvNAZqj/Q/acGstN0ri5aQoOA=="
    }
  }
}
