{
  "name": "@fullstack-one/notifications",
  "version": "0.1.7",
  "lockfileVersion": 1,
  "requires": true,
  "dependencies": {
    "@fullstack-one/config": {
      "version": "0.1.6",
      "resolved": "https://registry.npmjs.org/@fullstack-one/config/-/config-0.1.6.tgz",
      "integrity": "sha512-m5XJGondgG56v+nebb40ACZL+1pALhnsJ52i+IFUCUMtNJjwQXz/QS8+HwD/ksWnuliBVSlx34Bum5+S4fbTUw==",
      "requires": {
        "@fullstack-one/di": "0.1.6",
        "lodash": "4.17.5"
      },
      "dependencies": {
        "lodash": {
          "version": "4.17.5",
          "resolved": "https://registry.npmjs.org/lodash/-/lodash-4.17.5.tgz",
          "integrity": "sha512-svL3uiZf1RwhH+cWrfZn3A4+U58wbP0tGVTLQPbjplZxZ8ROD9VLuNgsRniTlLe7OlSqR79RUehXgpBW/s0IQw=="
        }
      }
    },
    "@fullstack-one/db": {
      "version": "0.1.7",
      "resolved": "https://registry.npmjs.org/@fullstack-one/db/-/db-0.1.7.tgz",
      "integrity": "sha512-fguUStaVMJsi3XH2MkSJXlw9woG7E1jkzSxhXkBsYMkSBWrTPQto31oZY0V7IHAJ74Rm2VEfR+0+Af5DPCN2Bg==",
      "requires": {
        "@fullstack-one/config": "0.1.6",
        "@fullstack-one/di": "0.1.6",
        "@fullstack-one/events": "0.1.7",
        "@fullstack-one/logger": "0.1.7",
        "deepmerge": "2.0.1",
        "massive": "4.6.6",
        "pg": "7.4.1"
      }
    },
    "@fullstack-one/di": {
      "version": "0.1.6",
      "resolved": "https://registry.npmjs.org/@fullstack-one/di/-/di-0.1.6.tgz",
      "integrity": "sha512-9/5oUSPd9+2REf5TGGpoCcVPwf1sSwwBEGGjPDKmcGKdvss9xfZurEWiry81ax9moKe0Oq2POkrEDRpS0K7jpQ==",
      "requires": {
        "typedi": "0.6.1"
      }
    },
    "@fullstack-one/events": {
      "version": "0.1.7",
      "resolved": "https://registry.npmjs.org/@fullstack-one/events/-/events-0.1.7.tgz",
      "integrity": "sha512-mQUv1N9t+0+pau1AEdbqhm8h7cSkaG0+xEJnpwpKq9qUEF7ACPCuPQ2paGUjuzTWzthgLQfpcG95E6LQcNnQJA==",
      "requires": {
        "@fullstack-one/config": "0.1.6",
        "@fullstack-one/db": "0.1.7",
        "@fullstack-one/di": "0.1.6",
        "eventemitter2": "5.0.1"
      }
    },
    "@fullstack-one/logger": {
      "version": "0.1.7",
      "resolved": "https://registry.npmjs.org/@fullstack-one/logger/-/logger-0.1.7.tgz",
      "integrity": "sha512-hMNHOPJOZN3hq/ORJjrUoescIQrOsTMYS732NVAXSVHjF25HXRNggM+ugxUxKJHenzhxPI/aYiRz4BIl2Wcyjw==",
      "requires": {
        "@fullstack-one/di": "0.1.6",
        "debug-logger": "0.4.1",
        "tracer": "0.8.12"
      }
    },
    "@fullstack-one/queue": {
      "version": "0.1.7",
      "resolved": "https://registry.npmjs.org/@fullstack-one/queue/-/queue-0.1.7.tgz",
      "integrity": "sha512-TXYwTwOdw/aFvJ7jQqSG+vOhnlv3Ucl105DDzNZnsEZfSetTHwsVQPIemuXe3c8juHXTDWnNVAAwHfBjp39e+w==",
      "requires": {
        "@fullstack-one/config": "0.1.6",
        "@fullstack-one/db": "0.1.7",
        "@fullstack-one/di": "0.1.6",
        "@fullstack-one/logger": "0.1.7",
        "pg-boss": "2.4.3"
      }
    },
    "@types/events": {
      "version": "1.1.0",
      "resolved": "https://registry.npmjs.org/@types/events/-/events-1.1.0.tgz",
      "integrity": "sha512-y3bR98mzYOo0pAZuiLari+cQyiKk3UXRuT45h1RjhfeCzqkjaVsfZJNaxdgtk7/3tzOm1ozLTqEqMP3VbI48jw==",
      "dev": true
    },
    "@types/node": {
      "version": "9.4.0",
      "resolved": "https://registry.npmjs.org/@types/node/-/node-9.4.0.tgz",
      "integrity": "sha512-zkYho6/4wZyX6o9UQ8rd0ReEaiEYNNCqYFIAACe2Tf9DrYlgzWW27OigYHnnztnnZQwVRpwWmZKegFmDpinIsA==",
      "dev": true
    },
    "@types/nodemailer": {
      "version": "4.3.2",
      "resolved": "https://registry.npmjs.org/@types/nodemailer/-/nodemailer-4.3.2.tgz",
      "integrity": "sha512-wuTjeIlHy+V5ZpUAVgORTiIDUY1Fv0VX1mpOrDua0EvedbHh7wGlAfFX/F4Z8phq+9VmuiGCbAG1ZqlUG6ts0A==",
      "dev": true,
      "requires": {
        "@types/events": "1.1.0",
        "@types/node": "9.4.0"
      }
    },
    "balanced-match": {
      "version": "1.0.0",
      "resolved": "https://registry.npmjs.org/balanced-match/-/balanced-match-1.0.0.tgz",
      "integrity": "sha1-ibTRmasr7kneFk6gK4nORi1xt2c="
    },
    "bluebird": {
      "version": "3.5.1",
      "resolved": "https://registry.npmjs.org/bluebird/-/bluebird-3.5.1.tgz",
      "integrity": "sha512-MKiLiV+I1AA596t9w1sQJ8jkiSr5+ZKi0WKrYGUn6d1Fx+Ij4tIj+m2WMQSGczs5jZVxV339chE8iwk6F64wjA=="
    },
    "brace-expansion": {
      "version": "1.1.11",
      "resolved": "https://registry.npmjs.org/brace-expansion/-/brace-expansion-1.1.11.tgz",
      "integrity": "sha512-iCuPHDFgrHX7H2vEI/5xpz07zSHB00TpugqhmYtVmMO6518mCuRMoOYFldEBl0g187ufozdaHgWKcYFb61qGiA==",
      "requires": {
        "balanced-match": "1.0.0",
        "concat-map": "0.0.1"
      }
    },
    "buffer-writer": {
      "version": "1.0.1",
      "resolved": "https://registry.npmjs.org/buffer-writer/-/buffer-writer-1.0.1.tgz",
      "integrity": "sha1-Iqk2kB4wKa/NdUfrRIfOtpejvwg="
    },
    "colors": {
      "version": "1.1.2",
      "resolved": "https://registry.npmjs.org/colors/-/colors-1.1.2.tgz",
      "integrity": "sha1-FopHAXVran9RoSzgyXv6KMCE7WM="
    },
    "commander": {
      "version": "2.14.1",
      "resolved": "https://registry.npmjs.org/commander/-/commander-2.14.1.tgz",
      "integrity": "sha512-+YR16o3rK53SmWHU3rEM3tPAh2rwb1yPcQX5irVn7mb0gXbwuCCrnkbV5+PBfETdfg1vui07nM6PCG1zndcjQw=="
    },
    "concat-map": {
      "version": "0.0.1",
      "resolved": "https://registry.npmjs.org/concat-map/-/concat-map-0.0.1.tgz",
      "integrity": "sha1-2Klr13/Wjfd5OnMDajug1UBdR3s="
    },
    "dateformat": {
      "version": "2.0.0",
      "resolved": "https://registry.npmjs.org/dateformat/-/dateformat-2.0.0.tgz",
      "integrity": "sha1-J0Pjq7XD/CRi5SfcpEXgTp9N7hc="
    },
    "debug": {
      "version": "2.6.9",
      "resolved": "https://registry.npmjs.org/debug/-/debug-2.6.9.tgz",
      "integrity": "sha512-bC7ElrdJaJnPbAP+1EotYvqZsb3ecl5wi6Bfi6BJTUcNowp6cvspg0jXznRTKDjm/E7AdgFBVeAPVMNcKGsHMA==",
      "requires": {
        "ms": "2.0.0"
      }
    },
    "debug-logger": {
      "version": "0.4.1",
      "resolved": "https://registry.npmjs.org/debug-logger/-/debug-logger-0.4.1.tgz",
      "integrity": "sha1-4zhJw2njzTYbULKZ1xylIkuqGuE=",
      "requires": {
        "debug": "2.6.9"
      }
    },
    "deepmerge": {
      "version": "2.0.1",
      "resolved": "https://registry.npmjs.org/deepmerge/-/deepmerge-2.0.1.tgz",
      "integrity": "sha512-VIPwiMJqJ13ZQfaCsIFnp5Me9tnjURiaIFxfz7EH0Ci0dTSQpZtSLrqOicXqEd/z2r+z+Klk9GzmnRsgpgbOsQ=="
    },
    "eventemitter2": {
      "version": "5.0.1",
      "resolved": "https://registry.npmjs.org/eventemitter2/-/eventemitter2-5.0.1.tgz",
      "integrity": "sha1-YZegldX7a1folC9v1+qtY6CclFI="
    },
    "fs.realpath": {
      "version": "1.0.0",
      "resolved": "https://registry.npmjs.org/fs.realpath/-/fs.realpath-1.0.0.tgz",
      "integrity": "sha1-FQStJSMVjKpA20onh8sBQRmU6k8="
    },
    "glob": {
      "version": "7.1.2",
      "resolved": "https://registry.npmjs.org/glob/-/glob-7.1.2.tgz",
      "integrity": "sha512-MJTUg1kjuLeQCJ+ccE4Vpa6kKVXkPYJ2mOCQyUuKLcLQsdrMCpBPUi8qVE6+YuaJkozeA9NusTAw3hLr8Xe5EQ==",
      "requires": {
        "fs.realpath": "1.0.0",
        "inflight": "1.0.6",
        "inherits": "2.0.3",
        "minimatch": "3.0.4",
        "once": "1.4.0",
        "path-is-absolute": "1.0.1"
      }
    },
    "he": {
      "version": "1.1.1",
      "resolved": "https://registry.npmjs.org/he/-/he-1.1.1.tgz",
      "integrity": "sha1-k0EP0hsAlzUVH4howvJx80J+I/0="
    },
    "html-to-text": {
      "version": "2.1.3",
      "resolved": "https://registry.npmjs.org/html-to-text/-/html-to-text-2.1.3.tgz",
      "integrity": "sha1-5Q2+TkB5kS2+3N4F0ng4jtuO6pE=",
      "requires": {
        "he": "1.1.1",
        "htmlparser": "1.7.7",
        "optimist": "0.6.1",
        "underscore": "1.8.3",
        "underscore.string": "3.3.4"
      },
      "dependencies": {
        "underscore": {
          "version": "1.8.3",
          "resolved": "https://registry.npmjs.org/underscore/-/underscore-1.8.3.tgz",
          "integrity": "sha1-Tz+1OxBuYJf8+ctBCfKl6b36UCI="
        }
      }
    },
    "htmlparser": {
      "version": "1.7.7",
      "resolved": "https://registry.npmjs.org/htmlparser/-/htmlparser-1.7.7.tgz",
      "integrity": "sha1-GeezmX/2+6yZrlp9J2ZInv5+LQ4="
    },
    "httpntlm": {
      "version": "1.6.1",
      "resolved": "https://registry.npmjs.org/httpntlm/-/httpntlm-1.6.1.tgz",
      "integrity": "sha1-rQFScUOi6Hc8+uapb1hla7UqNLI=",
      "requires": {
        "httpreq": "0.4.24",
        "underscore": "1.7.0"
      }
    },
    "httpreq": {
      "version": "0.4.24",
      "resolved": "https://registry.npmjs.org/httpreq/-/httpreq-0.4.24.tgz",
      "integrity": "sha1-QzX/2CzZaWaKOUZckprGHWOTYn8="
    },
    "inflight": {
      "version": "1.0.6",
      "resolved": "https://registry.npmjs.org/inflight/-/inflight-1.0.6.tgz",
      "integrity": "sha1-Sb1jMdfQLQwJvJEKEHW6gWW1bfk=",
      "requires": {
        "once": "1.4.0",
        "wrappy": "1.0.2"
      }
    },
    "inherits": {
      "version": "2.0.3",
      "resolved": "https://registry.npmjs.org/inherits/-/inherits-2.0.3.tgz",
      "integrity": "sha1-Yzwsg+PaQqUC9SRmAiSA9CCCYd4="
    },
    "js-string-escape": {
      "version": "1.0.1",
      "resolved": "https://registry.npmjs.org/js-string-escape/-/js-string-escape-1.0.1.tgz",
      "integrity": "sha1-4mJbrbwNZ8dTPp7cEGjFh65BN+8="
    },
    "lodash": {
      "version": "4.17.5",
      "resolved": "https://registry.npmjs.org/lodash/-/lodash-4.17.5.tgz",
      "integrity": "sha512-svL3uiZf1RwhH+cWrfZn3A4+U58wbP0tGVTLQPbjplZxZ8ROD9VLuNgsRniTlLe7OlSqR79RUehXgpBW/s0IQw=="
    },
    "manakin": {
      "version": "0.5.1",
      "resolved": "https://registry.npmjs.org/manakin/-/manakin-0.5.1.tgz",
      "integrity": "sha1-xKcRb2sA3z1fGjetPKUV0iBlplg="
    },
    "massive": {
      "version": "4.6.6",
      "resolved": "https://registry.npmjs.org/massive/-/massive-4.6.6.tgz",
      "integrity": "sha512-powrV6kjSjRqHmNAoEp0SuU52Irb4KfMe8MGgLeMpEORzN8qV20v7+liW9ZMUZbwJnFgJr1MmXfs9mwuEcF72A==",
      "requires": {
        "commander": "2.14.1",
        "glob": "7.1.2",
        "lodash": "4.17.5",
        "pg-promise": "7.5.4",
        "pg-query-stream": "1.1.1"
      }
    },
    "minimatch": {
      "version": "3.0.4",
      "resolved": "https://registry.npmjs.org/minimatch/-/minimatch-3.0.4.tgz",
      "integrity": "sha512-yJHVQEhyqPLUTgt9B83PXu6W3rx4MvvHvSUvToogpwoGDOUQ+yDrR0HRot+yOCdCO7u4hX3pWft6kWBBcqh0UA==",
      "requires": {
        "brace-expansion": "1.1.11"
      }
    },
    "minimist": {
      "version": "0.0.10",
      "resolved": "https://registry.npmjs.org/minimist/-/minimist-0.0.10.tgz",
      "integrity": "sha1-3j+YVD2/lggr5IrRoMfNqDYwHc8="
    },
    "mkdirp": {
      "version": "0.5.1",
      "resolved": "https://registry.npmjs.org/mkdirp/-/mkdirp-0.5.1.tgz",
      "integrity": "sha1-MAV0OOrGz3+MR2fzhkjWaX11yQM=",
      "requires": {
        "minimist": "0.0.8"
      },
      "dependencies": {
        "minimist": {
          "version": "0.0.8",
          "resolved": "https://registry.npmjs.org/minimist/-/minimist-0.0.8.tgz",
          "integrity": "sha1-hX/Kv8M5fSYluCKCYuhqp6ARsF0="
        }
      }
    },
    "ms": {
      "version": "2.0.0",
      "resolved": "https://registry.npmjs.org/ms/-/ms-2.0.0.tgz",
      "integrity": "sha1-VgiurfwAvmwpAd9fmGF4jeDVl8g="
    },
    "nodemailer": {
      "version": "4.4.2",
      "resolved": "https://registry.npmjs.org/nodemailer/-/nodemailer-4.4.2.tgz",
      "integrity": "sha512-sstDxbCSPHDXrWRQhH++khr3yVU0CGvH2dCtAHOPQQ0lRR7xwq2txItEXckMpX481B/cN+0akER2bfExh7Gu/Q=="
    },
    "nodemailer-direct-transport": {
      "version": "3.3.2",
      "resolved": "https://registry.npmjs.org/nodemailer-direct-transport/-/nodemailer-direct-transport-3.3.2.tgz",
      "integrity": "sha1-6W+vuQNYVglH5WkBfZfmBzilCoY=",
      "requires": {
        "nodemailer-shared": "1.1.0",
        "smtp-connection": "2.12.0"
      }
    },
    "nodemailer-fetch": {
      "version": "1.6.0",
      "resolved": "https://registry.npmjs.org/nodemailer-fetch/-/nodemailer-fetch-1.6.0.tgz",
      "integrity": "sha1-ecSQihwPXzdbc/6IjamCj23JY6Q="
    },
    "nodemailer-html-to-text": {
      "version": "2.1.0",
      "resolved": "https://registry.npmjs.org/nodemailer-html-to-text/-/nodemailer-html-to-text-2.1.0.tgz",
      "integrity": "sha1-mW3szMmv9jcew242M7GO114PyPI=",
      "requires": {
        "html-to-text": "2.1.3"
      }
    },
    "nodemailer-shared": {
      "version": "1.1.0",
      "resolved": "https://registry.npmjs.org/nodemailer-shared/-/nodemailer-shared-1.1.0.tgz",
      "integrity": "sha1-z1mU4v0mjQD1zw+nZ6CBae2wfsA=",
      "requires": {
        "nodemailer-fetch": "1.6.0"
      }
    },
    "once": {
      "version": "1.4.0",
      "resolved": "https://registry.npmjs.org/once/-/once-1.4.0.tgz",
      "integrity": "sha1-WDsap3WWHUsROsF9nFC6753Xa9E=",
      "requires": {
        "wrappy": "1.0.2"
      }
    },
    "optimist": {
      "version": "0.6.1",
      "resolved": "https://registry.npmjs.org/optimist/-/optimist-0.6.1.tgz",
      "integrity": "sha1-2j6nRob6IaGaERwybpDrFaAZZoY=",
      "requires": {
        "minimist": "0.0.10",
        "wordwrap": "0.0.3"
      }
    },
    "packet-reader": {
      "version": "0.3.1",
      "resolved": "https://registry.npmjs.org/packet-reader/-/packet-reader-0.3.1.tgz",
      "integrity": "sha1-zWLmCvjX/qinBexP+ZCHHEaHHyc="
    },
    "path-is-absolute": {
      "version": "1.0.1",
      "resolved": "https://registry.npmjs.org/path-is-absolute/-/path-is-absolute-1.0.1.tgz",
      "integrity": "sha1-F0uSaHNVNP+8es5r9TpanhtcX18="
    },
    "pg": {
      "version": "7.4.1",
      "resolved": "https://registry.npmjs.org/pg/-/pg-7.4.1.tgz",
      "integrity": "sha512-Pi5qYuXro5PAD9xXx8h7bFtmHgAQEG6/SCNyi7gS3rvb/ZQYDmxKchfB0zYtiSJNWq9iXTsYsHjrM+21eBcN1A==",
      "requires": {
        "buffer-writer": "1.0.1",
        "js-string-escape": "1.0.1",
        "packet-reader": "0.3.1",
        "pg-connection-string": "0.1.3",
        "pg-pool": "2.0.3",
        "pg-types": "1.12.1",
        "pgpass": "1.0.2",
        "semver": "4.3.2"
      }
    },
    "pg-boss": {
      "version": "2.4.3",
      "resolved": "https://registry.npmjs.org/pg-boss/-/pg-boss-2.4.3.tgz",
      "integrity": "sha512-akyNGE8sn9PJrK8hfY+PYuILIhI4/1EF9Pq/+GYNKa9HZAXeNFIUoMwzIVSHXsaM3vfU39NISZX2iTaoT3kOLg==",
      "requires": {
        "bluebird": "3.5.1",
        "pg": "7.4.1",
        "uuid": "3.2.1"
      }
    },
    "pg-connection-string": {
      "version": "0.1.3",
      "resolved": "https://registry.npmjs.org/pg-connection-string/-/pg-connection-string-0.1.3.tgz",
      "integrity": "sha1-2hhHsglA5C7hSSvq9l1J2RskXfc="
    },
    "pg-cursor": {
      "version": "1.3.0",
      "resolved": "https://registry.npmjs.org/pg-cursor/-/pg-cursor-1.3.0.tgz",
      "integrity": "sha1-siDxkIl2t7QNqjc8etpfyoI6sNk="
    },
    "pg-minify": {
      "version": "0.5.4",
      "resolved": "https://registry.npmjs.org/pg-minify/-/pg-minify-0.5.4.tgz",
      "integrity": "sha512-GHB2v4OiMHDgwiHH86ZWNfvgEPVijrnfuWLQocseX6Zlf30k+x0imA65zBy4skIpEwfBBEplIEEKP4n3q9KkVA=="
    },
    "pg-pool": {
      "version": "2.0.3",
      "resolved": "https://registry.npmjs.org/pg-pool/-/pg-pool-2.0.3.tgz",
      "integrity": "sha1-wCIDLIlJ8xKk+R+2QJzgQHa+Mlc="
    },
    "pg-promise": {
      "version": "7.5.4",
      "resolved": "https://registry.npmjs.org/pg-promise/-/pg-promise-7.5.4.tgz",
      "integrity": "sha512-wuL+13P+Ris8MEUpdatv7OH5eHEahWBNmgGHEwLd88fym/eMAjxrFV+3jRKO7bFAyDTvo3wNcmuntYwR9eJnvg==",
      "requires": {
        "manakin": "0.5.1",
        "pg": "7.4.1",
        "pg-minify": "0.5.4",
        "spex": "2.0.2"
      }
    },
    "pg-query-stream": {
      "version": "1.1.1",
      "resolved": "https://registry.npmjs.org/pg-query-stream/-/pg-query-stream-1.1.1.tgz",
      "integrity": "sha1-Zel0Nu+AnR4WDrqE6/EbnkdC6rQ=",
      "requires": {
        "pg-cursor": "1.3.0"
      }
    },
    "pg-types": {
      "version": "1.12.1",
      "resolved": "https://registry.npmjs.org/pg-types/-/pg-types-1.12.1.tgz",
      "integrity": "sha1-1kCH45A7WP+q0nnnWVxSIIoUw9I=",
      "requires": {
        "postgres-array": "1.0.2",
        "postgres-bytea": "1.0.0",
        "postgres-date": "1.0.3",
        "postgres-interval": "1.1.1"
      }
    },
    "pgpass": {
      "version": "1.0.2",
      "resolved": "https://registry.npmjs.org/pgpass/-/pgpass-1.0.2.tgz",
      "integrity": "sha1-Knu0G2BltnkH6R2hsHwYR8h3swY=",
      "requires": {
        "split": "1.0.1"
      }
    },
    "postgres-array": {
      "version": "1.0.2",
      "resolved": "https://registry.npmjs.org/postgres-array/-/postgres-array-1.0.2.tgz",
      "integrity": "sha1-jgsy6wO/d6XAp4UeBEHBaaJWojg="
    },
    "postgres-bytea": {
      "version": "1.0.0",
      "resolved": "https://registry.npmjs.org/postgres-bytea/-/postgres-bytea-1.0.0.tgz",
      "integrity": "sha1-AntTPAqokOJtFy1Hz5zOzFIazTU="
    },
    "postgres-date": {
      "version": "1.0.3",
      "resolved": "https://registry.npmjs.org/postgres-date/-/postgres-date-1.0.3.tgz",
      "integrity": "sha1-4tiXAu/bJY/52c7g/pG9BpdSV6g="
    },
    "postgres-interval": {
      "version": "1.1.1",
      "resolved": "https://registry.npmjs.org/postgres-interval/-/postgres-interval-1.1.1.tgz",
      "integrity": "sha512-OkuCi9t/3CZmeQreutGgx/OVNv9MKHGIT5jH8KldQ4NLYXkvmT9nDVxEuCENlNwhlGPE374oA/xMqn05G49pHA==",
      "requires": {
        "xtend": "4.0.1"
      }
    },
    "semver": {
      "version": "4.3.2",
      "resolved": "https://registry.npmjs.org/semver/-/semver-4.3.2.tgz",
      "integrity": "sha1-x6BxWKgL7dBSNVt3DYLWZA+AO+c="
    },
    "smtp-connection": {
      "version": "2.12.0",
      "resolved": "https://registry.npmjs.org/smtp-connection/-/smtp-connection-2.12.0.tgz",
      "integrity": "sha1-1275EnyyPCJZ7bHoNJwujV4tdME=",
      "requires": {
        "httpntlm": "1.6.1",
        "nodemailer-shared": "1.1.0"
      }
    },
    "spex": {
      "version": "2.0.2",
      "resolved": "https://registry.npmjs.org/spex/-/spex-2.0.2.tgz",
      "integrity": "sha512-LU6TS3qTEpRth+FnNs/fIWEmridYN7JmaN2k1Jk31XVC4ex7+wYxiHMnKguRxS7oKjbOFl4H6seeWNDFFgkVRg=="
    },
    "split": {
      "version": "1.0.1",
      "resolved": "https://registry.npmjs.org/split/-/split-1.0.1.tgz",
      "integrity": "sha512-mTyOoPbrivtXnwnIxZRFYRrPNtEFKlpB2fvjSnCQUiAA6qAZzqwna5envK4uk6OIeP17CsdF3rSBGYVBsU0Tkg==",
      "requires": {
        "through": "2.3.8"
      }
    },
    "sprintf-js": {
      "version": "1.1.1",
      "resolved": "https://registry.npmjs.org/sprintf-js/-/sprintf-js-1.1.1.tgz",
      "integrity": "sha1-Nr54Mgr+WAH2zqPueLblqrlA6gw="
    },
    "through": {
      "version": "2.3.8",
      "resolved": "https://registry.npmjs.org/through/-/through-2.3.8.tgz",
      "integrity": "sha1-DdTJ/6q8NXlgsbckEV1+Doai4fU="
    },
    "tinytim": {
      "version": "0.1.1",
      "resolved": "https://registry.npmjs.org/tinytim/-/tinytim-0.1.1.tgz",
      "integrity": "sha1-yWih5VWa2VUyJO92J7qzTjyu+Kg="
    },
    "tracer": {
      "version": "0.8.12",
      "resolved": "https://registry.npmjs.org/tracer/-/tracer-0.8.12.tgz",
      "integrity": "sha512-ipS4P2qOpRIDETbYNO3kS3AZL6hcGvZq4kv+/r/7Gn8SIKXUqiLo3tgog8IKTEK+MKnfIyy94/LL6OfkqGUg8w==",
      "requires": {
        "colors": "1.1.2",
        "dateformat": "2.0.0",
        "mkdirp": "0.5.1",
        "tinytim": "0.1.1"
      }
    },
    "typedi": {
      "version": "0.6.1",
      "resolved": "https://registry.npmjs.org/typedi/-/typedi-0.6.1.tgz",
      "integrity": "sha512-lm5cRKJcxV/qlVSb3E4YrS1vhkBQGPvZGdlLnHvcbwSmDO6wVqDn+nsCN/boiMQOECvmMa/CYt4rsa1wja/lIg=="
    },
    "typescript": {
      "version": "2.7.2",
      "resolved": "https://registry.npmjs.org/typescript/-/typescript-2.7.2.tgz",
      "integrity": "sha512-p5TCYZDAO0m4G344hD+wx/LATebLWZNkkh2asWUFqSsD2OrDNhbAHuSjobrmsUmdzjJjEeZVU9g1h3O6vpstnw==",
      "dev": true
    },
    "underscore": {
      "version": "1.7.0",
      "resolved": "https://registry.npmjs.org/underscore/-/underscore-1.7.0.tgz",
      "integrity": "sha1-a7rwh3UA02vjTsqlhODbn+8DUgk="
    },
    "underscore.string": {
      "version": "3.3.4",
      "resolved": "https://registry.npmjs.org/underscore.string/-/underscore.string-3.3.4.tgz",
      "integrity": "sha1-LCo/n4PmR2L9xF5s6sZRQoZCE9s=",
      "requires": {
        "sprintf-js": "1.1.1",
        "util-deprecate": "1.0.2"
      }
    },
    "util-deprecate": {
      "version": "1.0.2",
      "resolved": "https://registry.npmjs.org/util-deprecate/-/util-deprecate-1.0.2.tgz",
      "integrity": "sha1-RQ1Nyfpw3nMnYvvS1KKJgUGaDM8="
    },
    "uuid": {
      "version": "3.2.1",
      "resolved": "https://registry.npmjs.org/uuid/-/uuid-3.2.1.tgz",
      "integrity": "sha512-jZnMwlb9Iku/O3smGWvZhauCf6cvvpKi4BKRiliS3cxnI+Gz9j5MEpTz2UFuXiKPJocb7gnsLHwiS05ige5BEA=="
    },
    "wordwrap": {
      "version": "0.0.3",
      "resolved": "https://registry.npmjs.org/wordwrap/-/wordwrap-0.0.3.tgz",
      "integrity": "sha1-o9XabNXAvAAI03I0u68b7WMFkQc="
    },
    "wrappy": {
      "version": "1.0.2",
      "resolved": "https://registry.npmjs.org/wrappy/-/wrappy-1.0.2.tgz",
      "integrity": "sha1-tSQ9jz7BqjXxNkYFvA0QNuMKtp8="
    },
    "xtend": {
      "version": "4.0.1",
      "resolved": "https://registry.npmjs.org/xtend/-/xtend-4.0.1.tgz",
      "integrity": "sha1-pcbVMr5lbiPbgg77lDofBJmNY68="
    }
  }
}
