{
	"name": "@fullstack-one/server",
	"version": "0.2.4",
	"lockfileVersion": 1,
	"requires": true,
	"dependencies": {
		"@fullstack-one/boot-loader": {
			"version": "0.2.4",
			"resolved": "https://registry.npmjs.org/@fullstack-one/boot-loader/-/boot-loader-0.2.4.tgz",
			"integrity": "sha512-Eg5HbAfcwv56YXHFPO/evbbYLXecjcOj9HdTqbeTiBhdfopA1qlml3svydQJVxmlBUYauk0We3VouNbBsm4LpA==",
			"requires": {
				"@fullstack-one/di": "0.2.4"
			}
		},
		"@fullstack-one/config": {
			"version": "0.2.4",
			"resolved": "https://registry.npmjs.org/@fullstack-one/config/-/config-0.2.4.tgz",
			"integrity": "sha512-NKOsFcz98a7kgtRT9zUGJ1R9Um/A3IAGJ+NGiWpMCT78/SLIXrtMj1gKhlc0QYn6Oalizhvwdv4Nb66e8GTPuw==",
			"requires": {
				"@fullstack-one/di": "0.2.4",
				"lodash": "4.17.5"
			}
		},
		"@fullstack-one/di": {
			"version": "0.2.4",
			"resolved": "https://registry.npmjs.org/@fullstack-one/di/-/di-0.2.4.tgz",
			"integrity": "sha512-om1TAUQMup3mT8spI3Ncgd3kpIjjC+gST2g9yQUQ47CRd+Qhk6xKzJfptfFpV4w+lCu24dl6BbivCgsbkENv6Q==",
			"requires": {
				"typedi": "0.6.1"
			}
		},
		"@fullstack-one/events": {
			"version": "0.2.4",
			"resolved": "https://registry.npmjs.org/@fullstack-one/events/-/events-0.2.4.tgz",
			"integrity": "sha512-61iglEYdeQNhJf3qANDG7gOEMnE0hBH3uDheYqa2W/MzLfh0XtTIlSGAI7A03Puc3i2nO7DzO/w7VwJ6SMf4Kg==",
			"requires": {
				"@fullstack-one/boot-loader": "0.2.4",
				"@fullstack-one/config": "0.2.4",
				"@fullstack-one/db": "0.2.4",
				"@fullstack-one/di": "0.2.4",
				"eventemitter2": "5.0.1"
			},
			"dependencies": {
				"@fullstack-one/db": {
					"version": "0.2.4",
					"resolved": "https://registry.npmjs.org/@fullstack-one/db/-/db-0.2.4.tgz",
					"integrity": "sha512-sthYgGOPx1Ut7g1SkJ2jQiPix1WViIlwlfVruly2L7PSy7fWC3BWAfjVMM5P/LSsB6J3/LhlTo7Cbm/IHm56MA==",
					"requires": {
						"@fullstack-one/boot-loader": "0.2.4",
						"@fullstack-one/config": "0.2.4",
						"@fullstack-one/di": "0.2.4",
						"@fullstack-one/events": "0.2.4",
						"@fullstack-one/logger": "0.2.4",
						"deepmerge": "2.1.0",
						"massive": "4.7.1",
						"pg": "7.4.1"
					}
				}
			}
		},
		"@fullstack-one/logger": {
			"version": "0.2.4",
			"resolved": "https://registry.npmjs.org/@fullstack-one/logger/-/logger-0.2.4.tgz",
			"integrity": "sha512-xSgH7y6+L1mtB29LxkARsGpHyPHR0EFv5Iwohz+YDCSFmXxsTLkxZ+hOTeqKLY28XgB/LIFQR1I9ZfyO8Vilnw==",
			"requires": {
				"@fullstack-one/config": "0.2.4",
				"@fullstack-one/di": "0.2.4",
				"debug-logger": "0.4.1",
				"tracer": "0.8.12"
			}
		},
		"accepts": {
			"version": "1.3.5",
			"resolved": "https://registry.npmjs.org/accepts/-/accepts-1.3.5.tgz",
			"integrity": "sha1-63d99gEXI6OxTopywIBcjoZ0a9I=",
			"requires": {
				"mime-types": "2.1.18",
				"negotiator": "0.6.1"
			}
		},
		"any-promise": {
			"version": "1.3.0",
			"resolved": "https://registry.npmjs.org/any-promise/-/any-promise-1.3.0.tgz",
			"integrity": "sha1-q8av7tzqUugJzcA3au0845Y10X8="
		},
		"balanced-match": {
			"version": "1.0.0",
			"resolved": "https://registry.npmjs.org/balanced-match/-/balanced-match-1.0.0.tgz",
			"integrity": "sha1-ibTRmasr7kneFk6gK4nORi1xt2c="
		},
		"brace-expansion": {
			"version": "1.1.11",
			"resolved": "https://registry.npmjs.org/brace-expansion/-/brace-expansion-1.1.11.tgz",
			"integrity": "sha512-iCuPHDFgrHX7H2vEI/5xpz07zSHB00TpugqhmYtVmMO6518mCuRMoOYFldEBl0g187ufozdaHgWKcYFb61qGiA==",
			"requires": {
				"balanced-match": "1.0.0",
				"concat-map": "0.0.1"
			}
		},
		"buffer-writer": {
			"version": "1.0.1",
			"resolved": "https://registry.npmjs.org/buffer-writer/-/buffer-writer-1.0.1.tgz",
			"integrity": "sha1-Iqk2kB4wKa/NdUfrRIfOtpejvwg="
		},
		"co": {
			"version": "4.6.0",
			"resolved": "https://registry.npmjs.org/co/-/co-4.6.0.tgz",
			"integrity": "sha1-bqa989hTrlTMuOR7+gvz+QMfsYQ="
		},
		"colors": {
			"version": "1.1.2",
			"resolved": "https://registry.npmjs.org/colors/-/colors-1.1.2.tgz",
			"integrity": "sha1-FopHAXVran9RoSzgyXv6KMCE7WM="
		},
		"commander": {
			"version": "2.15.0",
			"resolved": "https://registry.npmjs.org/commander/-/commander-2.15.0.tgz",
			"integrity": "sha512-7B1ilBwtYSbetCgTY1NJFg+gVpestg0fdA1MhC1Vs4ssyfSXnCAjFr+QcQM9/RedXC0EaUx1sG8Smgw2VfgKEg=="
		},
		"concat-map": {
			"version": "0.0.1",
			"resolved": "https://registry.npmjs.org/concat-map/-/concat-map-0.0.1.tgz",
			"integrity": "sha1-2Klr13/Wjfd5OnMDajug1UBdR3s="
		},
		"content-disposition": {
			"version": "0.5.2",
			"resolved": "https://registry.npmjs.org/content-disposition/-/content-disposition-0.5.2.tgz",
			"integrity": "sha1-DPaLud318r55YcOoUXjLhdunjLQ="
		},
		"content-type": {
			"version": "1.0.4",
			"resolved": "https://registry.npmjs.org/content-type/-/content-type-1.0.4.tgz",
			"integrity": "sha512-hIP3EEPs8tB9AT1L+NUqtwOAps4mk2Zob89MWXMHjHWg9milF/j4osnnQLXBCBFBk/tvIG/tUc9mOUJiPBhPXA=="
		},
		"cookies": {
			"version": "0.7.1",
			"resolved": "https://registry.npmjs.org/cookies/-/cookies-0.7.1.tgz",
			"integrity": "sha1-fIphX1SBxhq58WyDNzG8uPZjuZs=",
			"requires": {
				"depd": "1.1.2",
				"keygrip": "1.0.2"
			}
		},
		"dateformat": {
			"version": "2.0.0",
			"resolved": "https://registry.npmjs.org/dateformat/-/dateformat-2.0.0.tgz",
			"integrity": "sha1-J0Pjq7XD/CRi5SfcpEXgTp9N7hc="
		},
		"debug": {
			"version": "3.1.0",
			"resolved": "https://registry.npmjs.org/debug/-/debug-3.1.0.tgz",
			"integrity": "sha512-OX8XqP7/1a9cqkxYw2yXss15f26NKWBpDXQd0/uK/KPqdQhxbPa994hnzjcE2VqQpDslf55723cKPUOGSmMY3g==",
			"requires": {
				"ms": "2.0.0"
			}
		},
		"debug-logger": {
			"version": "0.4.1",
			"resolved": "https://registry.npmjs.org/debug-logger/-/debug-logger-0.4.1.tgz",
			"integrity": "sha1-4zhJw2njzTYbULKZ1xylIkuqGuE=",
			"requires": {
				"debug": "2.6.9"
			},
			"dependencies": {
				"debug": {
					"version": "2.6.9",
					"resolved": "https://registry.npmjs.org/debug/-/debug-2.6.9.tgz",
					"integrity": "sha512-bC7ElrdJaJnPbAP+1EotYvqZsb3ecl5wi6Bfi6BJTUcNowp6cvspg0jXznRTKDjm/E7AdgFBVeAPVMNcKGsHMA==",
					"requires": {
						"ms": "2.0.0"
					}
				}
			}
		},
		"deep-equal": {
			"version": "1.0.1",
			"resolved": "https://registry.npmjs.org/deep-equal/-/deep-equal-1.0.1.tgz",
			"integrity": "sha1-9dJgKStmDghO/0zbyfCK0yR0SLU="
		},
		"deepmerge": {
			"version": "2.1.0",
			"resolved": "https://registry.npmjs.org/deepmerge/-/deepmerge-2.1.0.tgz",
			"integrity": "sha512-Q89Z26KAfA3lpPGhbF6XMfYAm3jIV3avViy6KOJ2JLzFbeWHOvPQUu5aSJIWXap3gDZC2y1eF5HXEPI2wGqgvw=="
		},
		"delegates": {
			"version": "1.0.0",
			"resolved": "https://registry.npmjs.org/delegates/-/delegates-1.0.0.tgz",
			"integrity": "sha1-hMbhWbgZBP3KWaDvRM2HDTElD5o="
		},
		"depd": {
			"version": "1.1.2",
			"resolved": "https://registry.npmjs.org/depd/-/depd-1.1.2.tgz",
			"integrity": "sha1-m81S4UwJd2PnSbJ0xDRu0uVgtak="
		},
		"destroy": {
			"version": "1.0.4",
			"resolved": "https://registry.npmjs.org/destroy/-/destroy-1.0.4.tgz",
			"integrity": "sha1-l4hXRCxEdJ5CBmE+N5RiBYJqvYA="
		},
		"ee-first": {
			"version": "1.1.1",
			"resolved": "https://registry.npmjs.org/ee-first/-/ee-first-1.1.1.tgz",
			"integrity": "sha1-WQxhFWsK4vTwJVcyoViyZrxWsh0="
		},
		"error-inject": {
			"version": "1.0.0",
			"resolved": "https://registry.npmjs.org/error-inject/-/error-inject-1.0.0.tgz",
			"integrity": "sha1-4rPZG1Su1nLzCdlQ0VSFD6EdTzc="
		},
		"escape-html": {
			"version": "1.0.3",
			"resolved": "https://registry.npmjs.org/escape-html/-/escape-html-1.0.3.tgz",
			"integrity": "sha1-Aljq5NPQwJdN4cFpGI7wBR0dGYg="
		},
		"eventemitter2": {
			"version": "5.0.1",
			"resolved": "https://registry.npmjs.org/eventemitter2/-/eventemitter2-5.0.1.tgz",
			"integrity": "sha1-YZegldX7a1folC9v1+qtY6CclFI="
		},
		"fresh": {
			"version": "0.5.2",
			"resolved": "https://registry.npmjs.org/fresh/-/fresh-0.5.2.tgz",
			"integrity": "sha1-PYyt2Q2XZWn6g1qx+OSyOhBWBac="
		},
		"fs.realpath": {
			"version": "1.0.0",
			"resolved": "https://registry.npmjs.org/fs.realpath/-/fs.realpath-1.0.0.tgz",
			"integrity": "sha1-FQStJSMVjKpA20onh8sBQRmU6k8="
		},
		"glob": {
			"version": "7.1.2",
			"resolved": "https://registry.npmjs.org/glob/-/glob-7.1.2.tgz",
			"integrity": "sha512-MJTUg1kjuLeQCJ+ccE4Vpa6kKVXkPYJ2mOCQyUuKLcLQsdrMCpBPUi8qVE6+YuaJkozeA9NusTAw3hLr8Xe5EQ==",
			"requires": {
				"fs.realpath": "1.0.0",
				"inflight": "1.0.6",
				"inherits": "2.0.3",
				"minimatch": "3.0.4",
				"once": "1.4.0",
				"path-is-absolute": "1.0.1"
			}
		},
		"http-assert": {
			"version": "1.3.0",
			"resolved": "https://registry.npmjs.org/http-assert/-/http-assert-1.3.0.tgz",
			"integrity": "sha1-oxpc+IyHPsu1eWkH1NbxMujAHko=",
			"requires": {
				"deep-equal": "1.0.1",
				"http-errors": "1.6.2"
			}
		},
		"http-errors": {
			"version": "1.6.2",
			"resolved": "https://registry.npmjs.org/http-errors/-/http-errors-1.6.2.tgz",
			"integrity": "sha1-CgAsyFcHGSp+eUbO7cERVfYOxzY=",
			"requires": {
				"depd": "1.1.1",
				"inherits": "2.0.3",
				"setprototypeof": "1.0.3",
				"statuses": "1.4.0"
			},
			"dependencies": {
				"depd": {
					"version": "1.1.1",
					"resolved": "https://registry.npmjs.org/depd/-/depd-1.1.1.tgz",
					"integrity": "sha1-V4O04cRZ8G+lyif5kfPQbnoxA1k="
				}
			}
		},
		"inflight": {
			"version": "1.0.6",
			"resolved": "https://registry.npmjs.org/inflight/-/inflight-1.0.6.tgz",
			"integrity": "sha1-Sb1jMdfQLQwJvJEKEHW6gWW1bfk=",
			"requires": {
				"once": "1.4.0",
				"wrappy": "1.0.2"
			}
		},
		"inherits": {
			"version": "2.0.3",
			"resolved": "https://registry.npmjs.org/inherits/-/inherits-2.0.3.tgz",
			"integrity": "sha1-Yzwsg+PaQqUC9SRmAiSA9CCCYd4="
		},
		"is-generator-function": {
			"version": "1.0.7",
			"resolved": "https://registry.npmjs.org/is-generator-function/-/is-generator-function-1.0.7.tgz",
			"integrity": "sha512-YZc5EwyO4f2kWCax7oegfuSr9mFz1ZvieNYBEjmukLxgXfBUbxAWGVF7GZf0zidYtoBl3WvC07YK0wT76a+Rtw=="
		},
		"js-string-escape": {
			"version": "1.0.1",
			"resolved": "https://registry.npmjs.org/js-string-escape/-/js-string-escape-1.0.1.tgz",
			"integrity": "sha1-4mJbrbwNZ8dTPp7cEGjFh65BN+8="
		},
		"keygrip": {
			"version": "1.0.2",
			"resolved": "https://registry.npmjs.org/keygrip/-/keygrip-1.0.2.tgz",
			"integrity": "sha1-rTKXxVcGneqLz+ek+kkbdcXd65E="
		},
		"koa": {
			"version": "2.5.0",
			"resolved": "https://registry.npmjs.org/koa/-/koa-2.5.0.tgz",
			"integrity": "sha512-UkrbMW2mRNfoW/4I20knJEjtPAWCV3Iw6f4XdnPWjHsCN8iTeSh0eSutrYdL0fGF/G9on2eQ30EEQif0MarGJA==",
			"requires": {
				"accepts": "1.3.5",
				"content-disposition": "0.5.2",
				"content-type": "1.0.4",
				"cookies": "0.7.1",
				"debug": "3.1.0",
				"delegates": "1.0.0",
				"depd": "1.1.2",
				"destroy": "1.0.4",
				"error-inject": "1.0.0",
				"escape-html": "1.0.3",
				"fresh": "0.5.2",
				"http-assert": "1.3.0",
				"http-errors": "1.6.2",
				"is-generator-function": "1.0.7",
				"koa-compose": "4.0.0",
				"koa-convert": "1.2.0",
				"koa-is-json": "1.0.0",
				"mime-types": "2.1.18",
				"on-finished": "2.3.0",
				"only": "0.0.2",
				"parseurl": "1.3.2",
				"statuses": "1.4.0",
				"type-is": "1.6.16",
				"vary": "1.1.2"
			}
		},
		"koa-compose": {
			"version": "4.0.0",
			"resolved": "https://registry.npmjs.org/koa-compose/-/koa-compose-4.0.0.tgz",
			"integrity": "sha1-KAClE9nDYe8NY4UrA45Pby1adzw="
		},
		"koa-convert": {
			"version": "1.2.0",
			"resolved": "https://registry.npmjs.org/koa-convert/-/koa-convert-1.2.0.tgz",
			"integrity": "sha1-2kCHXfSd4FOQmNFwC1CCDOvNIdA=",
			"requires": {
				"co": "4.6.0",
				"koa-compose": "3.2.1"
			},
			"dependencies": {
				"koa-compose": {
					"version": "3.2.1",
					"resolved": "https://registry.npmjs.org/koa-compose/-/koa-compose-3.2.1.tgz",
					"integrity": "sha1-qFzLQLfZhtjlo0Wzoazo6rz1Tec=",
					"requires": {
						"any-promise": "1.3.0"
					}
				}
			}
		},
		"koa-is-json": {
			"version": "1.0.0",
			"resolved": "https://registry.npmjs.org/koa-is-json/-/koa-is-json-1.0.0.tgz",
			"integrity": "sha1-JzwH7c3Ljfaiwat9We52SRRR7BQ="
		},
		"lodash": {
			"version": "4.17.5",
			"resolved": "https://registry.npmjs.org/lodash/-/lodash-4.17.5.tgz",
			"integrity": "sha512-svL3uiZf1RwhH+cWrfZn3A4+U58wbP0tGVTLQPbjplZxZ8ROD9VLuNgsRniTlLe7OlSqR79RUehXgpBW/s0IQw=="
		},
		"manakin": {
			"version": "0.5.1",
			"resolved": "https://registry.npmjs.org/manakin/-/manakin-0.5.1.tgz",
			"integrity": "sha1-xKcRb2sA3z1fGjetPKUV0iBlplg="
		},
		"massive": {
			"version": "4.7.1",
			"resolved": "https://registry.npmjs.org/massive/-/massive-4.7.1.tgz",
			"integrity": "sha512-usACzN9joQHwiQzApCO1l9UKp5mXcR8mzStX9fSqQK5B3DF4ZlPUNRY46hbDr/aWnC3VtCmexyP9TWyf+dDNmw==",
			"requires": {
				"commander": "2.15.0",
				"glob": "7.1.2",
				"lodash": "4.17.5",
				"pg-promise": "8.2.2",
				"pg-query-stream": "1.1.1"
			}
		},
		"media-typer": {
			"version": "0.3.0",
			"resolved": "https://registry.npmjs.org/media-typer/-/media-typer-0.3.0.tgz",
			"integrity": "sha1-hxDXrwqmJvj/+hzgAWhUUmMlV0g="
		},
		"mime-db": {
			"version": "1.33.0",
			"resolved": "https://registry.npmjs.org/mime-db/-/mime-db-1.33.0.tgz",
			"integrity": "sha512-BHJ/EKruNIqJf/QahvxwQZXKygOQ256myeN/Ew+THcAa5q+PjyTTMMeNQC4DZw5AwfvelsUrA6B67NKMqXDbzQ=="
		},
		"mime-types": {
			"version": "2.1.18",
			"resolved": "https://registry.npmjs.org/mime-types/-/mime-types-2.1.18.tgz",
			"integrity": "sha512-lc/aahn+t4/SWV/qcmumYjymLsWfN3ELhpmVuUFjgsORruuZPVSwAQryq+HHGvO/SI2KVX26bx+En+zhM8g8hQ==",
			"requires": {
				"mime-db": "1.33.0"
			}
		},
		"minimatch": {
			"version": "3.0.4",
			"resolved": "https://registry.npmjs.org/minimatch/-/minimatch-3.0.4.tgz",
			"integrity": "sha512-yJHVQEhyqPLUTgt9B83PXu6W3rx4MvvHvSUvToogpwoGDOUQ+yDrR0HRot+yOCdCO7u4hX3pWft6kWBBcqh0UA==",
			"requires": {
				"brace-expansion": "1.1.11"
			}
		},
		"minimist": {
			"version": "0.0.8",
			"resolved": "https://registry.npmjs.org/minimist/-/minimist-0.0.8.tgz",
			"integrity": "sha1-hX/Kv8M5fSYluCKCYuhqp6ARsF0="
		},
		"mkdirp": {
			"version": "0.5.1",
			"resolved": "https://registry.npmjs.org/mkdirp/-/mkdirp-0.5.1.tgz",
			"integrity": "sha1-MAV0OOrGz3+MR2fzhkjWaX11yQM=",
			"requires": {
				"minimist": "0.0.8"
			}
		},
		"ms": {
			"version": "2.0.0",
			"resolved": "https://registry.npmjs.org/ms/-/ms-2.0.0.tgz",
			"integrity": "sha1-VgiurfwAvmwpAd9fmGF4jeDVl8g="
		},
		"negotiator": {
			"version": "0.6.1",
			"resolved": "https://registry.npmjs.org/negotiator/-/negotiator-0.6.1.tgz",
			"integrity": "sha1-KzJxhOiZIQEXeyhWP7XnECrNDKk="
		},
		"on-finished": {
			"version": "2.3.0",
			"resolved": "https://registry.npmjs.org/on-finished/-/on-finished-2.3.0.tgz",
			"integrity": "sha1-IPEzZIGwg811M3mSoWlxqi2QaUc=",
			"requires": {
				"ee-first": "1.1.1"
			}
		},
		"once": {
			"version": "1.4.0",
			"resolved": "https://registry.npmjs.org/once/-/once-1.4.0.tgz",
			"integrity": "sha1-WDsap3WWHUsROsF9nFC6753Xa9E=",
			"requires": {
				"wrappy": "1.0.2"
			}
		},
		"only": {
			"version": "0.0.2",
			"resolved": "https://registry.npmjs.org/only/-/only-0.0.2.tgz",
			"integrity": "sha1-Kv3oTQPlC5qO3EROMGEKcCle37Q="
		},
		"packet-reader": {
			"version": "0.3.1",
			"resolved": "https://registry.npmjs.org/packet-reader/-/packet-reader-0.3.1.tgz",
			"integrity": "sha1-zWLmCvjX/qinBexP+ZCHHEaHHyc="
		},
		"parseurl": {
			"version": "1.3.2",
			"resolved": "https://registry.npmjs.org/parseurl/-/parseurl-1.3.2.tgz",
			"integrity": "sha1-/CidTtiZMRlGDBViUyYs3I3mW/M="
		},
		"path-is-absolute": {
			"version": "1.0.1",
			"resolved": "https://registry.npmjs.org/path-is-absolute/-/path-is-absolute-1.0.1.tgz",
			"integrity": "sha1-F0uSaHNVNP+8es5r9TpanhtcX18="
		},
		"pg": {
			"version": "7.4.1",
			"resolved": "https://registry.npmjs.org/pg/-/pg-7.4.1.tgz",
			"integrity": "sha512-Pi5qYuXro5PAD9xXx8h7bFtmHgAQEG6/SCNyi7gS3rvb/ZQYDmxKchfB0zYtiSJNWq9iXTsYsHjrM+21eBcN1A==",
			"requires": {
				"buffer-writer": "1.0.1",
				"js-string-escape": "1.0.1",
				"packet-reader": "0.3.1",
				"pg-connection-string": "0.1.3",
				"pg-pool": "2.0.3",
				"pg-types": "1.12.1",
				"pgpass": "1.0.2",
				"semver": "4.3.2"
			}
		},
		"pg-connection-string": {
			"version": "0.1.3",
			"resolved": "https://registry.npmjs.org/pg-connection-string/-/pg-connection-string-0.1.3.tgz",
			"integrity": "sha1-2hhHsglA5C7hSSvq9l1J2RskXfc="
		},
		"pg-cursor": {
			"version": "1.3.0",
			"resolved": "https://registry.npmjs.org/pg-cursor/-/pg-cursor-1.3.0.tgz",
			"integrity": "sha1-siDxkIl2t7QNqjc8etpfyoI6sNk="
		},
		"pg-minify": {
			"version": "0.5.4",
			"resolved": "https://registry.npmjs.org/pg-minify/-/pg-minify-0.5.4.tgz",
			"integrity": "sha512-GHB2v4OiMHDgwiHH86ZWNfvgEPVijrnfuWLQocseX6Zlf30k+x0imA65zBy4skIpEwfBBEplIEEKP4n3q9KkVA=="
		},
		"pg-pool": {
			"version": "2.0.3",
			"resolved": "https://registry.npmjs.org/pg-pool/-/pg-pool-2.0.3.tgz",
			"integrity": "sha1-wCIDLIlJ8xKk+R+2QJzgQHa+Mlc="
		},
		"pg-promise": {
			"version": "8.2.2",
			"resolved": "https://registry.npmjs.org/pg-promise/-/pg-promise-8.2.2.tgz",
			"integrity": "sha512-x91Oh3VsfIKOKlYwQ977jFl5DPlANiPFChU7bkE2+vMeTplX9NjYOTCUp8QQ1+IYv62XSbHySRl7Kbjq4ANKGg==",
			"requires": {
				"manakin": "0.5.1",
				"pg": "7.4.1",
				"pg-minify": "0.5.4",
				"spex": "2.0.2"
			}
		},
		"pg-query-stream": {
			"version": "1.1.1",
			"resolved": "https://registry.npmjs.org/pg-query-stream/-/pg-query-stream-1.1.1.tgz",
			"integrity": "sha1-Zel0Nu+AnR4WDrqE6/EbnkdC6rQ=",
			"requires": {
				"pg-cursor": "1.3.0"
			}
		},
		"pg-types": {
			"version": "1.12.1",
			"resolved": "https://registry.npmjs.org/pg-types/-/pg-types-1.12.1.tgz",
			"integrity": "sha1-1kCH45A7WP+q0nnnWVxSIIoUw9I=",
			"requires": {
				"postgres-array": "1.0.2",
				"postgres-bytea": "1.0.0",
				"postgres-date": "1.0.3",
				"postgres-interval": "1.1.1"
			}
		},
		"pgpass": {
			"version": "1.0.2",
			"resolved": "https://registry.npmjs.org/pgpass/-/pgpass-1.0.2.tgz",
			"integrity": "sha1-Knu0G2BltnkH6R2hsHwYR8h3swY=",
			"requires": {
				"split": "1.0.1"
			}
		},
		"postgres-array": {
			"version": "1.0.2",
			"resolved": "https://registry.npmjs.org/postgres-array/-/postgres-array-1.0.2.tgz",
			"integrity": "sha1-jgsy6wO/d6XAp4UeBEHBaaJWojg="
		},
		"postgres-bytea": {
			"version": "1.0.0",
			"resolved": "https://registry.npmjs.org/postgres-bytea/-/postgres-bytea-1.0.0.tgz",
			"integrity": "sha1-AntTPAqokOJtFy1Hz5zOzFIazTU="
		},
		"postgres-date": {
			"version": "1.0.3",
			"resolved": "https://registry.npmjs.org/postgres-date/-/postgres-date-1.0.3.tgz",
			"integrity": "sha1-4tiXAu/bJY/52c7g/pG9BpdSV6g="
		},
		"postgres-interval": {
			"version": "1.1.1",
			"resolved": "https://registry.npmjs.org/postgres-interval/-/postgres-interval-1.1.1.tgz",
			"integrity": "sha512-OkuCi9t/3CZmeQreutGgx/OVNv9MKHGIT5jH8KldQ4NLYXkvmT9nDVxEuCENlNwhlGPE374oA/xMqn05G49pHA==",
			"requires": {
				"xtend": "4.0.1"
			}
		},
		"semver": {
			"version": "4.3.2",
			"resolved": "https://registry.npmjs.org/semver/-/semver-4.3.2.tgz",
			"integrity": "sha1-x6BxWKgL7dBSNVt3DYLWZA+AO+c="
		},
		"setprototypeof": {
			"version": "1.0.3",
			"resolved": "https://registry.npmjs.org/setprototypeof/-/setprototypeof-1.0.3.tgz",
			"integrity": "sha1-ZlZ+NwQ+608E2RvWWMDL77VbjgQ="
		},
		"spex": {
			"version": "2.0.2",
			"resolved": "https://registry.npmjs.org/spex/-/spex-2.0.2.tgz",
			"integrity": "sha512-LU6TS3qTEpRth+FnNs/fIWEmridYN7JmaN2k1Jk31XVC4ex7+wYxiHMnKguRxS7oKjbOFl4H6seeWNDFFgkVRg=="
		},
		"split": {
			"version": "1.0.1",
			"resolved": "https://registry.npmjs.org/split/-/split-1.0.1.tgz",
			"integrity": "sha512-mTyOoPbrivtXnwnIxZRFYRrPNtEFKlpB2fvjSnCQUiAA6qAZzqwna5envK4uk6OIeP17CsdF3rSBGYVBsU0Tkg==",
			"requires": {
				"through": "2.3.8"
			}
		},
		"statuses": {
			"version": "1.4.0",
			"resolved": "https://registry.npmjs.org/statuses/-/statuses-1.4.0.tgz",
			"integrity": "sha512-zhSCtt8v2NDrRlPQpCNtw/heZLtfUDqxBM1udqikb/Hbk52LK4nQSwr10u77iopCW5LsyHpuXS0GnEc48mLeew=="
		},
		"through": {
			"version": "2.3.8",
			"resolved": "https://registry.npmjs.org/through/-/through-2.3.8.tgz",
			"integrity": "sha1-DdTJ/6q8NXlgsbckEV1+Doai4fU="
		},
		"tinytim": {
			"version": "0.1.1",
			"resolved": "https://registry.npmjs.org/tinytim/-/tinytim-0.1.1.tgz",
			"integrity": "sha1-yWih5VWa2VUyJO92J7qzTjyu+Kg="
		},
		"tracer": {
			"version": "0.8.12",
			"resolved": "https://registry.npmjs.org/tracer/-/tracer-0.8.12.tgz",
			"integrity": "sha512-ipS4P2qOpRIDETbYNO3kS3AZL6hcGvZq4kv+/r/7Gn8SIKXUqiLo3tgog8IKTEK+MKnfIyy94/LL6OfkqGUg8w==",
			"requires": {
				"colors": "1.1.2",
				"dateformat": "2.0.0",
				"mkdirp": "0.5.1",
				"tinytim": "0.1.1"
			}
		},
		"type-is": {
			"version": "1.6.16",
			"resolved": "https://registry.npmjs.org/type-is/-/type-is-1.6.16.tgz",
			"integrity": "sha512-HRkVv/5qY2G6I8iab9cI7v1bOIdhm94dVjQCPFElW9W+3GeDOSHmy2EBYe4VTApuzolPcmgFTN3ftVJRKR2J9Q==",
			"requires": {
				"media-typer": "0.3.0",
				"mime-types": "2.1.18"
			}
		},
		"typedi": {
			"version": "0.6.1",
			"resolved": "https://registry.npmjs.org/typedi/-/typedi-0.6.1.tgz",
			"integrity": "sha512-lm5cRKJcxV/qlVSb3E4YrS1vhkBQGPvZGdlLnHvcbwSmDO6wVqDn+nsCN/boiMQOECvmMa/CYt4rsa1wja/lIg=="
		},
		"typescript": {
			"version": "2.7.2",
			"resolved": "https://registry.npmjs.org/typescript/-/typescript-2.7.2.tgz",
			"integrity": "sha512-p5TCYZDAO0m4G344hD+wx/LATebLWZNkkh2asWUFqSsD2OrDNhbAHuSjobrmsUmdzjJjEeZVU9g1h3O6vpstnw==",
			"dev": true
		},
		"vary": {
			"version": "1.1.2",
			"resolved": "https://registry.npmjs.org/vary/-/vary-1.1.2.tgz",
			"integrity": "sha1-IpnwLG3tMNSllhsLn3RSShj2NPw="
		},
		"wrappy": {
			"version": "1.0.2",
			"resolved": "https://registry.npmjs.org/wrappy/-/wrappy-1.0.2.tgz",
			"integrity": "sha1-tSQ9jz7BqjXxNkYFvA0QNuMKtp8="
		},
		"xtend": {
			"version": "4.0.1",
			"resolved": "https://registry.npmjs.org/xtend/-/xtend-4.0.1.tgz",
			"integrity": "sha1-pcbVMr5lbiPbgg77lDofBJmNY68="
		}
	}
}
