{
  "name": "@fullstack-one/db",
  "version": "0.4.42",
  "lockfileVersion": 1,
  "requires": true,
  "dependencies": {
    "@fullstack-one/boot-loader": {
      "version": "0.4.39",
      "resolved": "https://registry.npmjs.org/@fullstack-one/boot-loader/-/boot-loader-0.4.39.tgz",
      "integrity": "sha512-PVtGSZfJOjKiHKiNCZbb2I5Bl9Nc3ak4OPgFWIHZnhhh/8ZK5bCShytSLp7k04XH2Nhf5SXpPpvlovFy/TzeeA==",
      "requires": {
        "@fullstack-one/di": "^0.4.38"
      }
    },
    "@fullstack-one/config": {
      "version": "0.4.39",
      "resolved": "https://registry.npmjs.org/@fullstack-one/config/-/config-0.4.39.tgz",
      "integrity": "sha512-UPVfAa591s+d3YRvbP8/eIBNXqMUWde3QMH6dkD3Kvnh1CSa1N+z4uk4KBAxYXyYkT4fYDeypNzW7TjRriPV5A==",
      "requires": {
        "@fullstack-one/boot-loader": "^0.4.39",
        "@fullstack-one/di": "^0.4.38",
        "lodash": "^4.17.5"
      }
    },
    "@fullstack-one/db": {
      "version": "0.4.39",
      "resolved": "https://registry.npmjs.org/@fullstack-one/db/-/db-0.4.39.tgz",
      "integrity": "sha512-9ZlneMX7FvkKVIdxERLCXHr3lzPYnSTcXfqX8JwSbO0HAzxkJUOlRb/u1+aVrvMezfpyuUSjmgpphbpXLbAAxg==",
      "requires": {
        "@fullstack-one/boot-loader": "^0.4.39",
        "@fullstack-one/config": "^0.4.39",
        "@fullstack-one/di": "^0.4.38",
        "@fullstack-one/events": "^0.4.39",
        "@fullstack-one/logger": "^0.4.39",
        "deepmerge": "^2.0.1",
        "pg": "^7.5.0"
      }
    },
    "@fullstack-one/di": {
      "version": "0.4.38",
      "resolved": "https://registry.npmjs.org/@fullstack-one/di/-/di-0.4.38.tgz",
      "integrity": "sha512-RoJKyVDG/vlQGLN1Llsk9w4rx4PD38eKLdmD48tDmt/tpDqm9lETM6pVFuMzs/M+Lur955MX4gZLltkLEn4p6w==",
      "requires": {
        "reflect-metadata": "^0.1.12",
        "typedi": "^0.8.0"
      }
    },
    "@fullstack-one/events": {
      "version": "0.4.39",
      "resolved": "https://registry.npmjs.org/@fullstack-one/events/-/events-0.4.39.tgz",
      "integrity": "sha512-tHgTFvsUJAF3yVkhUMad08WJ7OXsrSlGpZ0Rlkqk5/kl383xRVp05VMgw/DjO16yopnldRiSh6ZhR3Hiud8PcQ==",
      "requires": {
        "@fullstack-one/boot-loader": "^0.4.39",
        "@fullstack-one/config": "^0.4.39",
        "@fullstack-one/db": "^0.4.39",
        "@fullstack-one/di": "^0.4.38",
        "eventemitter2": "^5.0.1"
      }
    },
    "@fullstack-one/logger": {
      "version": "0.4.39",
      "resolved": "https://registry.npmjs.org/@fullstack-one/logger/-/logger-0.4.39.tgz",
      "integrity": "sha512-ofZ35aHBBz7gico/OL2ATWZUOyyf3Fu9/wehIz2iz3CW8dCjqoIAYUaH8n7n0lU6/mblr4kbbZ5Tvn1oOZ76zg==",
      "requires": {
        "@fullstack-one/boot-loader": "^0.4.39",
        "@fullstack-one/config": "^0.4.39",
        "@fullstack-one/di": "^0.4.38",
        "debug-logger": "^0.4.1",
        "tracer": "^0.8.12"
      }
    },
    "@types/events": {
      "version": "1.2.0",
      "resolved": "https://registry.npmjs.org/@types/events/-/events-1.2.0.tgz",
      "integrity": "sha512-KEIlhXnIutzKwRbQkGWb/I4HFqBuUykAdHgDED6xqwXJfONCjF5VoE0cXEiurh3XauygxzeDzgtXUqvLkxFzzA==",
      "dev": true
    },
    "@types/node": {
      "version": "10.11.4",
      "resolved": "https://registry.npmjs.org/@types/node/-/node-10.11.4.tgz",
      "integrity": "sha512-ojnbBiKkZFYRfQpmtnnWTMw+rzGp/JiystjluW9jgN3VzRwilXddJ6aGQ9V/7iuDG06SBgn7ozW9k3zcAnYjYQ==",
      "dev": true
    },
    "@types/pg": {
      "version": "7.4.10",
      "resolved": "https://registry.npmjs.org/@types/pg/-/pg-7.4.10.tgz",
      "integrity": "sha512-IQ9vRZ3oX99TXZiVq5PgODNoqgHvn2girbkxa6gBT7DPGgvRiJ7kZNwmPiLqSOzlRgMHBIujFeiwD5Sf5TIJqg==",
      "dev": true,
      "requires": {
        "@types/events": "*",
        "@types/node": "*",
        "@types/pg-types": "*"
      }
    },
    "@types/pg-types": {
      "version": "1.11.4",
      "resolved": "https://registry.npmjs.org/@types/pg-types/-/pg-types-1.11.4.tgz",
      "integrity": "sha512-WdIiQmE347LGc1Vq3Ki8sk3iyCuLgnccqVzgxek6gEHp2H0p3MQ3jniIHt+bRODXKju4kNQ+mp53lmP5+/9moQ==",
      "dev": true,
      "requires": {
        "moment": ">=2.14.0"
      }
    },
    "buffer-writer": {
      "version": "1.0.1",
      "resolved": "https://registry.npmjs.org/buffer-writer/-/buffer-writer-1.0.1.tgz",
      "integrity": "sha1-Iqk2kB4wKa/NdUfrRIfOtpejvwg="
    },
    "colors": {
      "version": "1.2.3",
      "resolved": "https://registry.npmjs.org/colors/-/colors-1.2.3.tgz",
      "integrity": "sha512-qTfM2pNFeMZcLvf/RbrVAzDEVttZjFhaApfx9dplNjvHSX88Ui66zBRb/4YGob/xUWxDceirgoC1lT676asfCQ=="
    },
    "dateformat": {
      "version": "3.0.3",
      "resolved": "https://registry.npmjs.org/dateformat/-/dateformat-3.0.3.tgz",
      "integrity": "sha512-jyCETtSl3VMZMWeRo7iY1FL19ges1t55hMo5yaam4Jrsm5EPL89UQkoQRyiI+Yf4k8r2ZpdngkV8hr1lIdjb3Q=="
    },
    "debug": {
      "version": "2.6.9",
      "resolved": "https://registry.npmjs.org/debug/-/debug-2.6.9.tgz",
      "integrity": "sha512-bC7ElrdJaJnPbAP+1EotYvqZsb3ecl5wi6Bfi6BJTUcNowp6cvspg0jXznRTKDjm/E7AdgFBVeAPVMNcKGsHMA==",
      "requires": {
        "ms": "2.0.0"
      }
    },
    "debug-logger": {
      "version": "0.4.1",
      "resolved": "https://registry.npmjs.org/debug-logger/-/debug-logger-0.4.1.tgz",
      "integrity": "sha1-4zhJw2njzTYbULKZ1xylIkuqGuE=",
      "requires": {
        "debug": "^2.1.0"
      }
    },
    "deepmerge": {
      "version": "2.2.1",
      "resolved": "https://registry.npmjs.org/deepmerge/-/deepmerge-2.2.1.tgz",
      "integrity": "sha512-R9hc1Xa/NOBi9WRVUWg19rl1UB7Tt4kuPd+thNJgFZoxXsTz7ncaPaeIm+40oSGuP33DfMb4sZt1QIGiJzC4EA=="
    },
    "eventemitter2": {
      "version": "5.0.1",
      "resolved": "https://registry.npmjs.org/eventemitter2/-/eventemitter2-5.0.1.tgz",
      "integrity": "sha1-YZegldX7a1folC9v1+qtY6CclFI="
    },
    "lodash": {
      "version": "4.17.11",
      "resolved": "https://registry.npmjs.org/lodash/-/lodash-4.17.11.tgz",
      "integrity": "sha512-cQKh8igo5QUhZ7lg38DYWAxMvjSAKG0A8wGSVimP07SIUEK2UO+arSRKbRZWtelMtN5V0Hkwh5ryOto/SshYIg=="
    },
    "minimist": {
      "version": "0.0.8",
      "resolved": "http://registry.npmjs.org/minimist/-/minimist-0.0.8.tgz",
      "integrity": "sha1-hX/Kv8M5fSYluCKCYuhqp6ARsF0="
    },
    "mkdirp": {
      "version": "0.5.1",
      "resolved": "http://registry.npmjs.org/mkdirp/-/mkdirp-0.5.1.tgz",
      "integrity": "sha1-MAV0OOrGz3+MR2fzhkjWaX11yQM=",
      "requires": {
        "minimist": "0.0.8"
      }
    },
    "moment": {
      "version": "2.22.2",
      "resolved": "https://registry.npmjs.org/moment/-/moment-2.22.2.tgz",
      "integrity": "sha1-PCV/mDn8DpP/UxSWMiOeuQeD/2Y=",
      "dev": true
    },
    "ms": {
      "version": "2.0.0",
      "resolved": "https://registry.npmjs.org/ms/-/ms-2.0.0.tgz",
      "integrity": "sha1-VgiurfwAvmwpAd9fmGF4jeDVl8g="
    },
    "packet-reader": {
      "version": "0.3.1",
      "resolved": "https://registry.npmjs.org/packet-reader/-/packet-reader-0.3.1.tgz",
      "integrity": "sha1-zWLmCvjX/qinBexP+ZCHHEaHHyc="
    },
    "pg": {
      "version": "7.5.0",
      "resolved": "https://registry.npmjs.org/pg/-/pg-7.5.0.tgz",
      "integrity": "sha512-VFyAnp8xsMZp8nwZnMp7lmU5QcWDOZSI3IDNcWv6pblsiOXis5o7lD7/zzVK1Z1JTBiIDDGQAMbFMkiUzCL59A==",
      "requires": {
        "buffer-writer": "1.0.1",
        "packet-reader": "0.3.1",
        "pg-connection-string": "0.1.3",
        "pg-pool": "~2.0.3",
        "pg-types": "~1.12.1",
        "pgpass": "1.x",
        "semver": "4.3.2"
      }
    },
    "pg-connection-string": {
      "version": "0.1.3",
      "resolved": "https://registry.npmjs.org/pg-connection-string/-/pg-connection-string-0.1.3.tgz",
      "integrity": "sha1-2hhHsglA5C7hSSvq9l1J2RskXfc="
    },
    "pg-pool": {
      "version": "2.0.3",
      "resolved": "https://registry.npmjs.org/pg-pool/-/pg-pool-2.0.3.tgz",
      "integrity": "sha1-wCIDLIlJ8xKk+R+2QJzgQHa+Mlc="
    },
    "pg-types": {
      "version": "1.12.1",
      "resolved": "https://registry.npmjs.org/pg-types/-/pg-types-1.12.1.tgz",
      "integrity": "sha1-1kCH45A7WP+q0nnnWVxSIIoUw9I=",
      "requires": {
        "postgres-array": "~1.0.0",
        "postgres-bytea": "~1.0.0",
        "postgres-date": "~1.0.0",
        "postgres-interval": "^1.1.0"
      }
    },
    "pgpass": {
      "version": "1.0.2",
      "resolved": "https://registry.npmjs.org/pgpass/-/pgpass-1.0.2.tgz",
      "integrity": "sha1-Knu0G2BltnkH6R2hsHwYR8h3swY=",
      "requires": {
        "split": "^1.0.0"
      }
    },
    "postgres-array": {
      "version": "1.0.3",
      "resolved": "https://registry.npmjs.org/postgres-array/-/postgres-array-1.0.3.tgz",
      "integrity": "sha512-5wClXrAP0+78mcsNX3/ithQ5exKvCyK5lr5NEEEeGwwM6NJdQgzIJBVxLvRW+huFpX92F2QnZ5CcokH0VhK2qQ=="
    },
    "postgres-bytea": {
      "version": "1.0.0",
      "resolved": "https://registry.npmjs.org/postgres-bytea/-/postgres-bytea-1.0.0.tgz",
      "integrity": "sha1-AntTPAqokOJtFy1Hz5zOzFIazTU="
    },
    "postgres-date": {
      "version": "1.0.3",
      "resolved": "https://registry.npmjs.org/postgres-date/-/postgres-date-1.0.3.tgz",
      "integrity": "sha1-4tiXAu/bJY/52c7g/pG9BpdSV6g="
    },
    "postgres-interval": {
      "version": "1.1.2",
      "resolved": "https://registry.npmjs.org/postgres-interval/-/postgres-interval-1.1.2.tgz",
      "integrity": "sha512-fC3xNHeTskCxL1dC8KOtxXt7YeFmlbTYtn7ul8MkVERuTmf7pI4DrkAxcw3kh1fQ9uz4wQmd03a1mRiXUZChfQ==",
      "requires": {
        "xtend": "^4.0.0"
      }
    },
    "reflect-metadata": {
      "version": "0.1.12",
      "resolved": "https://registry.npmjs.org/reflect-metadata/-/reflect-metadata-0.1.12.tgz",
      "integrity": "sha512-n+IyV+nGz3+0q3/Yf1ra12KpCyi001bi4XFxSjbiWWjfqb52iTTtpGXmCCAOWWIAn9KEuFZKGqBERHmrtScZ3A=="
    },
    "semver": {
      "version": "4.3.2",
      "resolved": "https://registry.npmjs.org/semver/-/semver-4.3.2.tgz",
      "integrity": "sha1-x6BxWKgL7dBSNVt3DYLWZA+AO+c="
    },
    "split": {
      "version": "1.0.1",
      "resolved": "https://registry.npmjs.org/split/-/split-1.0.1.tgz",
      "integrity": "sha512-mTyOoPbrivtXnwnIxZRFYRrPNtEFKlpB2fvjSnCQUiAA6qAZzqwna5envK4uk6OIeP17CsdF3rSBGYVBsU0Tkg==",
      "requires": {
        "through": "2"
      }
    },
    "through": {
      "version": "2.3.8",
      "resolved": "http://registry.npmjs.org/through/-/through-2.3.8.tgz",
      "integrity": "sha1-DdTJ/6q8NXlgsbckEV1+Doai4fU="
    },
    "tinytim": {
      "version": "0.1.1",
      "resolved": "https://registry.npmjs.org/tinytim/-/tinytim-0.1.1.tgz",
      "integrity": "sha1-yWih5VWa2VUyJO92J7qzTjyu+Kg="
    },
    "tracer": {
      "version": "0.8.15",
      "resolved": "https://registry.npmjs.org/tracer/-/tracer-0.8.15.tgz",
      "integrity": "sha512-ZQzlhd6zZFIpAhACiZkxLjl65XqVwi8t8UEBVGRIHAQN6nj55ftJWiFell+WSqWCP/vEycrIbUSuiyMwul+TFw==",
      "requires": {
        "colors": "1.2.3",
        "dateformat": "3.0.3",
        "mkdirp": "^0.5.1",
        "tinytim": "0.1.1"
      }
    },
    "typedi": {
      "version": "0.8.0",
      "resolved": "https://registry.npmjs.org/typedi/-/typedi-0.8.0.tgz",
      "integrity": "sha512-/c7Bxnm6eh5kXx2I+mTuO+2OvoWni5+rXA3PhXwVWCtJRYmz3hMok5s1AKLzoDvNAZqj/Q/acGstN0ri5aQoOA=="
    },
    "xtend": {
      "version": "4.0.1",
      "resolved": "https://registry.npmjs.org/xtend/-/xtend-4.0.1.tgz",
      "integrity": "sha1-pcbVMr5lbiPbgg77lDofBJmNY68="
    }
  }
}
