{
	"name": "@fullstack-one/config",
	"version": "0.2.4",
	"lockfileVersion": 1,
	"requires": true,
	"dependencies": {
		"@fullstack-one/di": {
			"version": "0.2.4",
			"resolved": "https://registry.npmjs.org/@fullstack-one/di/-/di-0.2.4.tgz",
			"integrity": "sha512-om1TAUQMup3mT8spI3Ncgd3kpIjjC+gST2g9yQUQ47CRd+Qhk6xKzJfptfFpV4w+lCu24dl6BbivCgsbkENv6Q==",
			"requires": {
				"typedi": "0.6.1"
			}
		},
		"lodash": {
			"version": "4.17.5",
			"resolved": "https://registry.npmjs.org/lodash/-/lodash-4.17.5.tgz",
			"integrity": "sha512-svL3uiZf1RwhH+cWrfZn3A4+U58wbP0tGVTLQPbjplZxZ8ROD9VLuNgsRniTlLe7OlSqR79RUehXgpBW/s0IQw=="
		},
		"typedi": {
			"version": "0.6.1",
			"resolved": "https://registry.npmjs.org/typedi/-/typedi-0.6.1.tgz",
			"integrity": "sha512-lm5cRKJcxV/qlVSb3E4YrS1vhkBQGPvZGdlLnHvcbwSmDO6wVqDn+nsCN/boiMQOECvmMa/CYt4rsa1wja/lIg=="
		},
		"typescript": {
			"version": "2.7.2",
			"resolved": "https://registry.npmjs.org/typescript/-/typescript-2.7.2.tgz",
			"integrity": "sha512-p5TCYZDAO0m4G344hD+wx/LATebLWZNkkh2asWUFqSsD2OrDNhbAHuSjobrmsUmdzjJjEeZVU9g1h3O6vpstnw==",
			"dev": true
		}
	}
}
