{
	"name": "@fullstack-one/config",
	"version": "0.3.48",
	"lockfileVersion": 1,
	"requires": true,
	"dependencies": {
		"@fullstack-one/boot-loader": {
			"version": "0.3.48",
			"resolved": "https://registry.npmjs.org/@fullstack-one/boot-loader/-/boot-loader-0.3.48.tgz",
			"integrity": "sha512-NM/AP1vhHFjLHimWUPtrLDeYKqu7B4R0361pszCNoB9quorcP3GStnd/4L2zQQTrbtC1oMMoM+y+0oe8dIS5dQ==",
			"requires": {
				"@fullstack-one/di": "^0.3.48"
			}
		},
		"@fullstack-one/di": {
			"version": "0.3.48",
			"resolved": "https://registry.npmjs.org/@fullstack-one/di/-/di-0.3.48.tgz",
			"integrity": "sha512-9sF9h4Ua9swIQJ9B0u/iEjBwW+e47fQQAyfF7zXRu+4+p4BJXFXxYda+gHaUeLKQZeqRpK7krlkKNY2MjX2Gig==",
			"requires": {
				"reflect-metadata": "^0.1.12",
				"typedi": "^0.8.0"
			}
		},
		"lodash": {
			"version": "4.17.10",
			"resolved": "https://registry.npmjs.org/lodash/-/lodash-4.17.10.tgz",
			"integrity": "sha512-UejweD1pDoXu+AD825lWwp4ZGtSwgnpZxb3JDViD7StjQz+Nb/6l093lx4OQ0foGWNRoc19mWy7BzL+UAK2iVg=="
		},
		"reflect-metadata": {
			"version": "0.1.12",
			"resolved": "https://registry.npmjs.org/reflect-metadata/-/reflect-metadata-0.1.12.tgz",
			"integrity": "sha512-n+IyV+nGz3+0q3/Yf1ra12KpCyi001bi4XFxSjbiWWjfqb52iTTtpGXmCCAOWWIAn9KEuFZKGqBERHmrtScZ3A=="
		},
		"typedi": {
			"version": "0.8.0",
			"resolved": "https://registry.npmjs.org/typedi/-/typedi-0.8.0.tgz",
			"integrity": "sha512-/c7Bxnm6eh5kXx2I+mTuO+2OvoWni5+rXA3PhXwVWCtJRYmz3hMok5s1AKLzoDvNAZqj/Q/acGstN0ri5aQoOA=="
		},
		"typescript": {
			"version": "2.8.3",
			"resolved": "https://registry.npmjs.org/typescript/-/typescript-2.8.3.tgz",
			"integrity": "sha512-K7g15Bb6Ra4lKf7Iq2l/I5/En+hLIHmxWZGq3D4DIRNFxMNV6j2SHSvDOqs2tGd4UvD/fJvrwopzQXjLrT7Itw==",
			"dev": true
		}
	}
}
