{
  "name": "@fullstack-one/config",
  "version": "0.7.10",
  "lockfileVersion": 1,
  "requires": true,
  "dependencies": {
    "@types/lodash": {
      "version": "4.14.120",
      "resolved": "https://registry.npmjs.org/@types/lodash/-/lodash-4.14.120.tgz",
      "integrity": "sha512-jQ21kQ120mo+IrDs1nFNVm/AsdFxIx2+vZ347DbogHJPd/JzKNMOqU6HCYin1W6v8l5R9XSO2/e9cxmn7HAnVw=="
    },
    "lodash": {
      "version": "4.17.15",
      "resolved": "https://registry.npmjs.org/lodash/-/lodash-4.17.15.tgz",
      "integrity": "sha512-8xOcRHvCjnocdS5cpwXQXVzmmh5e5+saE2QGoeQmbKmRS6J3VQppPOIt0MnmE+4xlZoumy0GPG0D0MVIQbNA1A=="
    }
  }
}
