{
  "name": "@fullstack-one/graceful-shutdown",
  "version": "0.5.18",
  "lockfileVersion": 1,
  "requires": true,
  "dependencies": {
    "@godaddy/terminus": {
      "version": "2.5.0",
      "resolved": "https://registry.npmjs.org/@godaddy/terminus/-/terminus-2.5.0.tgz",
      "integrity": "sha512-ymVkldd185Rg5lbWolvIK1DyhQnLWCCkbXQZCvlppBF1v/L9AY4TCqROpJcDAZju3jQ9i9SQeFk59gXxXF7Vog==",
      "requires": {
        "es6-promisify": "^6.0.0",
        "stoppable": "^1.0.5"
      }
    },
    "async-exit-hook": {
      "version": "2.0.1",
      "resolved": "https://registry.npmjs.org/async-exit-hook/-/async-exit-hook-2.0.1.tgz",
      "integrity": "sha512-NW2cX8m1Q7KPA7a5M2ULQeZ2wR5qI5PAbw5L0UOMxdioVk9PMZ0h1TmyZEkPYrCvYjDlFICusOu1dlEKAAeXBw=="
    },
    "es6-promisify": {
      "version": "6.0.0",
      "resolved": "https://registry.npmjs.org/es6-promisify/-/es6-promisify-6.0.0.tgz",
      "integrity": "sha512-8Tbqjrb8lC85dd81haajYwuRmiU2rkqNAFnlvQOJeeKqdUloIlI+JcUqeJruV4rCm5Y7oNU7jfs2FbmxhRR/2g=="
    },
    "stoppable": {
      "version": "1.0.6",
      "resolved": "https://registry.npmjs.org/stoppable/-/stoppable-1.0.6.tgz",
      "integrity": "sha512-d1B/3QXeT2+MixdC+EqQ9/llq3yvZkdsh8hrML52NmememiIAus0MBsnebYmzojJ2Ls5drhDqo2PFH1FLx2DWA=="
    }
  }
}
