{
  "name": "@fullstack-one/graceful-shutdown",
  "version": "0.6.18",
  "lockfileVersion": 1,
  "requires": true,
  "dependencies": {
    "@fullstack-one/config": {
      "version": "0.6.14",
      "resolved": "https://registry.npmjs.org/@fullstack-one/config/-/config-0.6.14.tgz",
      "integrity": "sha512-exzBlcJm5+XJZhyaXO/Z+gaIyVfm1cAKHTeK1I6pYHzFgwgaJNxCxnUsY6cFIEVmDMlk+iPolDpZHNWXs3IRQQ==",
      "requires": {
        "@fullstack-one/di": "^0.6.14",
        "@types/lodash": "^4.14.119",
        "lodash": "^4.17.5"
      }
    },
    "@fullstack-one/di": {
      "version": "0.6.14",
      "resolved": "https://registry.npmjs.org/@fullstack-one/di/-/di-0.6.14.tgz",
      "integrity": "sha512-P7RHiYhlj38+/NVtjSpYokDImrhuybBFfVcBc69NKXZoDmKg+niFkxD0cNK7rCCB9VBdg1uHQrUfW6OGHFk7ww==",
      "requires": {
        "reflect-metadata": "^0.1.13",
        "typedi": "^0.8.0"
      }
    },
    "@godaddy/terminus": {
      "version": "2.5.0",
      "resolved": "https://registry.npmjs.org/@godaddy/terminus/-/terminus-2.5.0.tgz",
      "integrity": "sha512-ymVkldd185Rg5lbWolvIK1DyhQnLWCCkbXQZCvlppBF1v/L9AY4TCqROpJcDAZju3jQ9i9SQeFk59gXxXF7Vog==",
      "requires": {
        "es6-promisify": "^6.0.0",
        "stoppable": "^1.0.5"
      }
    },
    "@types/lodash": {
      "version": "4.14.149",
      "resolved": "https://registry.npmjs.org/@types/lodash/-/lodash-4.14.149.tgz",
      "integrity": "sha512-ijGqzZt/b7BfzcK9vTrS6MFljQRPn5BFWOx8oE0GYxribu6uV+aA9zZuXI1zc/etK9E8nrgdoF2+LgUw7+9tJQ=="
    },
    "async-exit-hook": {
      "version": "2.0.1",
      "resolved": "https://registry.npmjs.org/async-exit-hook/-/async-exit-hook-2.0.1.tgz",
      "integrity": "sha512-NW2cX8m1Q7KPA7a5M2ULQeZ2wR5qI5PAbw5L0UOMxdioVk9PMZ0h1TmyZEkPYrCvYjDlFICusOu1dlEKAAeXBw=="
    },
    "es6-promisify": {
      "version": "6.0.0",
      "resolved": "https://registry.npmjs.org/es6-promisify/-/es6-promisify-6.0.0.tgz",
      "integrity": "sha512-8Tbqjrb8lC85dd81haajYwuRmiU2rkqNAFnlvQOJeeKqdUloIlI+JcUqeJruV4rCm5Y7oNU7jfs2FbmxhRR/2g=="
    },
    "lodash": {
      "version": "4.17.15",
      "resolved": "https://registry.npmjs.org/lodash/-/lodash-4.17.15.tgz",
      "integrity": "sha512-8xOcRHvCjnocdS5cpwXQXVzmmh5e5+saE2QGoeQmbKmRS6J3VQppPOIt0MnmE+4xlZoumy0GPG0D0MVIQbNA1A=="
    },
    "reflect-metadata": {
      "version": "0.1.13",
      "resolved": "https://registry.npmjs.org/reflect-metadata/-/reflect-metadata-0.1.13.tgz",
      "integrity": "sha512-Ts1Y/anZELhSsjMcU605fU9RE4Oi3p5ORujwbIKXfWa+0Zxs510Qrmrce5/Jowq3cHSZSJqBjypxmHarc+vEWg=="
    },
    "stoppable": {
      "version": "1.0.6",
      "resolved": "https://registry.npmjs.org/stoppable/-/stoppable-1.0.6.tgz",
      "integrity": "sha512-d1B/3QXeT2+MixdC+EqQ9/llq3yvZkdsh8hrML52NmememiIAus0MBsnebYmzojJ2Ls5drhDqo2PFH1FLx2DWA=="
    },
    "typedi": {
      "version": "0.8.0",
      "resolved": "https://registry.npmjs.org/typedi/-/typedi-0.8.0.tgz",
      "integrity": "sha512-/c7Bxnm6eh5kXx2I+mTuO+2OvoWni5+rXA3PhXwVWCtJRYmz3hMok5s1AKLzoDvNAZqj/Q/acGstN0ri5aQoOA=="
    }
  }
}
